
Microsoft Visual Studio Solution File, Format Version 12.00
# Visual Studio Version 17
VisualStudioVersion = 17.1.32210.238
MinimumVisualStudioVersion = 10.0.40219.1
Project("{2150E333-8FDC-42A3-9474-1A3956D46DE8}") = "Solution Items", "Solution Items", "{6C4CE177-9186-4083-A769-7D20B5A5D9B8}"
EndProject
Project("{2150E333-8FDC-42A3-9474-1A3956D46DE8}") = "src", "src", "{7E5CE1B1-5C44-47F4-AF80-C8EF90C08E0D}"
EndProject
Project("{2150E333-8FDC-42A3-9474-1A3956D46DE8}") = "test", "test", "{2FC24478-70E5-4C26-9F5F-30891AA70A7D}"
EndProject
Project("{2150E333-8FDC-42A3-9474-1A3956D46DE8}") = "Mobile Apps", "Mobile Apps", "{C468E8CA-60FE-48CB-9712-B85AA133A868}"
EndProject
Project("{2150E333-8FDC-42A3-9474-1A3956D46DE8}") = "Shared Code", "Shared Code", "{69140B84-8503-4C7F-A581-0BB4BF002CCE}"
EndProject
Project("{2150E333-8FDC-42A3-9474-1A3956D46DE8}") = "Targets", "Targets", "{CAA6C2E5-3156-40E8-AAE6-4BC44E55301C}"
EndProject
Project("{2150E333-8FDC-42A3-9474-1A3956D46DE8}") = "Mobile Apps", "Mobile Apps", "{A675D4EC-7EFE-4CB2-A0F2-11215D4A4490}"
EndProject
Project("{9A19103F-16F7-4668-BE54-9A1E7A4F7556}") = "Bluestone.Persistence", "Bluestone.Persistence\Bluestone.Persistence.csproj", "{A2B04C97-DEA9-400A-8C15-EE813608B55B}"
EndProject
Project("{9A19103F-16F7-4668-BE54-9A1E7A4F7556}") = "Bluestone.CrossCuttingConcerns", "Bluestone.CrossCuttingConcerns\Bluestone.CrossCuttingConcerns.csproj", "{56B595EA-2B13-427B-A6F2-00ADA541813C}"
EndProject
Project("{9A19103F-16F7-4668-BE54-9A1E7A4F7556}") = "Bluestone.Application", "Bluestone.Application\Bluestone.Application.csproj", "{062B6C90-1888-42C7-AC49-9FFF1EF500A9}"
EndProject
Project("{9A19103F-16F7-4668-BE54-9A1E7A4F7556}") = "Bluestone.Domain", "Bluestone.Domain\Bluestone.Domain.csproj", "{58826A91-B694-411D-8E9B-0C64C07E63B5}"
EndProject
Project("{9A19103F-16F7-4668-BE54-9A1E7A4F7556}") = "Bluestone.Presentation", "Bluestone.Presentation\Bluestone.Presentation.csproj", "{72FAFEC3-AD7A-404C-8919-CCB6812F6F10}"
EndProject
Project("{FAE04EC0-301F-11D3-BF4B-00C04F79EFBC}") = "Bluestone.Android", "Bluestone.Android\Bluestone.Android.csproj", "{FEC985ED-058A-4774-B022-7CC5C1D9ABDB}"
EndProject
Project("{FAE04EC0-301F-11D3-BF4B-00C04F79EFBC}") = "Bluestone.iOS", "Bluestone.iOS\Bluestone.iOS.csproj", "{B37BD32A-ECBF-421E-AC9C-25FE3FACBAEA}"
EndProject
Global
	GlobalSection(SolutionConfigurationPlatforms) = preSolution
		Debug|Any CPU = Debug|Any CPU
		Debug|iPhone = Debug|iPhone
		Debug|iPhoneSimulator = Debug|iPhoneSimulator
		Development|Any CPU = Development|Any CPU
		Development|iPhone = Development|iPhone
		Development|iPhoneSimulator = Development|iPhoneSimulator
		Production|Any CPU = Production|Any CPU
		Production|iPhone = Production|iPhone
		Production|iPhoneSimulator = Production|iPhoneSimulator
		Release|Any CPU = Release|Any CPU
		Release|iPhone = Release|iPhone
		Release|iPhoneSimulator = Release|iPhoneSimulator
		Staging|Any CPU = Staging|Any CPU
		Staging|iPhone = Staging|iPhone
		Staging|iPhoneSimulator = Staging|iPhoneSimulator
		Testing|Any CPU = Testing|Any CPU
		Testing|iPhone = Testing|iPhone
		Testing|iPhoneSimulator = Testing|iPhoneSimulator
	EndGlobalSection
	GlobalSection(ProjectConfigurationPlatforms) = postSolution
		{A2B04C97-DEA9-400A-8C15-EE813608B55B}.Debug|Any CPU.ActiveCfg = Debug|Any CPU
		{A2B04C97-DEA9-400A-8C15-EE813608B55B}.Debug|Any CPU.Build.0 = Debug|Any CPU
		{A2B04C97-DEA9-400A-8C15-EE813608B55B}.Debug|iPhone.ActiveCfg = Debug|Any CPU
		{A2B04C97-DEA9-400A-8C15-EE813608B55B}.Debug|iPhone.Build.0 = Debug|Any CPU
		{A2B04C97-DEA9-400A-8C15-EE813608B55B}.Debug|iPhoneSimulator.ActiveCfg = Debug|Any CPU
		{A2B04C97-DEA9-400A-8C15-EE813608B55B}.Debug|iPhoneSimulator.Build.0 = Debug|Any CPU
		{A2B04C97-DEA9-400A-8C15-EE813608B55B}.Development|Any CPU.ActiveCfg = Development|Any CPU
		{A2B04C97-DEA9-400A-8C15-EE813608B55B}.Development|Any CPU.Build.0 = Development|Any CPU
		{A2B04C97-DEA9-400A-8C15-EE813608B55B}.Development|iPhone.ActiveCfg = Development|Any CPU
		{A2B04C97-DEA9-400A-8C15-EE813608B55B}.Development|iPhone.Build.0 = Development|Any CPU
		{A2B04C97-DEA9-400A-8C15-EE813608B55B}.Development|iPhoneSimulator.ActiveCfg = Development|Any CPU
		{A2B04C97-DEA9-400A-8C15-EE813608B55B}.Development|iPhoneSimulator.Build.0 = Development|Any CPU
		{A2B04C97-DEA9-400A-8C15-EE813608B55B}.Production|Any CPU.ActiveCfg = Production|Any CPU
		{A2B04C97-DEA9-400A-8C15-EE813608B55B}.Production|Any CPU.Build.0 = Production|Any CPU
		{A2B04C97-DEA9-400A-8C15-EE813608B55B}.Production|iPhone.ActiveCfg = Production|Any CPU
		{A2B04C97-DEA9-400A-8C15-EE813608B55B}.Production|iPhone.Build.0 = Production|Any CPU
		{A2B04C97-DEA9-400A-8C15-EE813608B55B}.Production|iPhoneSimulator.ActiveCfg = Production|Any CPU
		{A2B04C97-DEA9-400A-8C15-EE813608B55B}.Production|iPhoneSimulator.Build.0 = Production|Any CPU
		{A2B04C97-DEA9-400A-8C15-EE813608B55B}.Release|Any CPU.ActiveCfg = Release|Any CPU
		{A2B04C97-DEA9-400A-8C15-EE813608B55B}.Release|Any CPU.Build.0 = Release|Any CPU
		{A2B04C97-DEA9-400A-8C15-EE813608B55B}.Release|iPhone.ActiveCfg = Release|Any CPU
		{A2B04C97-DEA9-400A-8C15-EE813608B55B}.Release|iPhone.Build.0 = Release|Any CPU
		{A2B04C97-DEA9-400A-8C15-EE813608B55B}.Release|iPhoneSimulator.ActiveCfg = Release|Any CPU
		{A2B04C97-DEA9-400A-8C15-EE813608B55B}.Release|iPhoneSimulator.Build.0 = Release|Any CPU
		{A2B04C97-DEA9-400A-8C15-EE813608B55B}.Staging|Any CPU.ActiveCfg = Debug|Any CPU
		{A2B04C97-DEA9-400A-8C15-EE813608B55B}.Staging|Any CPU.Build.0 = Debug|Any CPU
		{A2B04C97-DEA9-400A-8C15-EE813608B55B}.Staging|iPhone.ActiveCfg = Debug|Any CPU
		{A2B04C97-DEA9-400A-8C15-EE813608B55B}.Staging|iPhone.Build.0 = Debug|Any CPU
		{A2B04C97-DEA9-400A-8C15-EE813608B55B}.Staging|iPhoneSimulator.ActiveCfg = Debug|Any CPU
		{A2B04C97-DEA9-400A-8C15-EE813608B55B}.Staging|iPhoneSimulator.Build.0 = Debug|Any CPU
		{A2B04C97-DEA9-400A-8C15-EE813608B55B}.Testing|Any CPU.ActiveCfg = Testing|Any CPU
		{A2B04C97-DEA9-400A-8C15-EE813608B55B}.Testing|Any CPU.Build.0 = Testing|Any CPU
		{A2B04C97-DEA9-400A-8C15-EE813608B55B}.Testing|iPhone.ActiveCfg = Testing|Any CPU
		{A2B04C97-DEA9-400A-8C15-EE813608B55B}.Testing|iPhone.Build.0 = Testing|Any CPU
		{A2B04C97-DEA9-400A-8C15-EE813608B55B}.Testing|iPhoneSimulator.ActiveCfg = Testing|Any CPU
		{A2B04C97-DEA9-400A-8C15-EE813608B55B}.Testing|iPhoneSimulator.Build.0 = Testing|Any CPU
		{56B595EA-2B13-427B-A6F2-00ADA541813C}.Debug|Any CPU.ActiveCfg = Debug|Any CPU
		{56B595EA-2B13-427B-A6F2-00ADA541813C}.Debug|Any CPU.Build.0 = Debug|Any CPU
		{56B595EA-2B13-427B-A6F2-00ADA541813C}.Debug|iPhone.ActiveCfg = Debug|Any CPU
		{56B595EA-2B13-427B-A6F2-00ADA541813C}.Debug|iPhone.Build.0 = Debug|Any CPU
		{56B595EA-2B13-427B-A6F2-00ADA541813C}.Debug|iPhoneSimulator.ActiveCfg = Debug|Any CPU
		{56B595EA-2B13-427B-A6F2-00ADA541813C}.Debug|iPhoneSimulator.Build.0 = Debug|Any CPU
		{56B595EA-2B13-427B-A6F2-00ADA541813C}.Development|Any CPU.ActiveCfg = Development|Any CPU
		{56B595EA-2B13-427B-A6F2-00ADA541813C}.Development|Any CPU.Build.0 = Development|Any CPU
		{56B595EA-2B13-427B-A6F2-00ADA541813C}.Development|iPhone.ActiveCfg = Development|Any CPU
		{56B595EA-2B13-427B-A6F2-00ADA541813C}.Development|iPhone.Build.0 = Development|Any CPU
		{56B595EA-2B13-427B-A6F2-00ADA541813C}.Development|iPhoneSimulator.ActiveCfg = Development|Any CPU
		{56B595EA-2B13-427B-A6F2-00ADA541813C}.Development|iPhoneSimulator.Build.0 = Development|Any CPU
		{56B595EA-2B13-427B-A6F2-00ADA541813C}.Production|Any CPU.ActiveCfg = Production|Any CPU
		{56B595EA-2B13-427B-A6F2-00ADA541813C}.Production|Any CPU.Build.0 = Production|Any CPU
		{56B595EA-2B13-427B-A6F2-00ADA541813C}.Production|iPhone.ActiveCfg = Production|Any CPU
		{56B595EA-2B13-427B-A6F2-00ADA541813C}.Production|iPhone.Build.0 = Production|Any CPU
		{56B595EA-2B13-427B-A6F2-00ADA541813C}.Production|iPhoneSimulator.ActiveCfg = Production|Any CPU
		{56B595EA-2B13-427B-A6F2-00ADA541813C}.Production|iPhoneSimulator.Build.0 = Production|Any CPU
		{56B595EA-2B13-427B-A6F2-00ADA541813C}.Release|Any CPU.ActiveCfg = Release|Any CPU
		{56B595EA-2B13-427B-A6F2-00ADA541813C}.Release|Any CPU.Build.0 = Release|Any CPU
		{56B595EA-2B13-427B-A6F2-00ADA541813C}.Release|iPhone.ActiveCfg = Release|Any CPU
		{56B595EA-2B13-427B-A6F2-00ADA541813C}.Release|iPhone.Build.0 = Release|Any CPU
		{56B595EA-2B13-427B-A6F2-00ADA541813C}.Release|iPhoneSimulator.ActiveCfg = Release|Any CPU
		{56B595EA-2B13-427B-A6F2-00ADA541813C}.Release|iPhoneSimulator.Build.0 = Release|Any CPU
		{56B595EA-2B13-427B-A6F2-00ADA541813C}.Staging|Any CPU.ActiveCfg = Debug|Any CPU
		{56B595EA-2B13-427B-A6F2-00ADA541813C}.Staging|Any CPU.Build.0 = Debug|Any CPU
		{56B595EA-2B13-427B-A6F2-00ADA541813C}.Staging|iPhone.ActiveCfg = Debug|Any CPU
		{56B595EA-2B13-427B-A6F2-00ADA541813C}.Staging|iPhone.Build.0 = Debug|Any CPU
		{56B595EA-2B13-427B-A6F2-00ADA541813C}.Staging|iPhoneSimulator.ActiveCfg = Debug|Any CPU
		{56B595EA-2B13-427B-A6F2-00ADA541813C}.Staging|iPhoneSimulator.Build.0 = Debug|Any CPU
		{56B595EA-2B13-427B-A6F2-00ADA541813C}.Testing|Any CPU.ActiveCfg = Testing|Any CPU
		{56B595EA-2B13-427B-A6F2-00ADA541813C}.Testing|Any CPU.Build.0 = Testing|Any CPU
		{56B595EA-2B13-427B-A6F2-00ADA541813C}.Testing|iPhone.ActiveCfg = Testing|Any CPU
		{56B595EA-2B13-427B-A6F2-00ADA541813C}.Testing|iPhone.Build.0 = Testing|Any CPU
		{56B595EA-2B13-427B-A6F2-00ADA541813C}.Testing|iPhoneSimulator.ActiveCfg = Testing|Any CPU
		{56B595EA-2B13-427B-A6F2-00ADA541813C}.Testing|iPhoneSimulator.Build.0 = Testing|Any CPU
		{062B6C90-1888-42C7-AC49-9FFF1EF500A9}.Debug|Any CPU.ActiveCfg = Debug|Any CPU
		{062B6C90-1888-42C7-AC49-9FFF1EF500A9}.Debug|Any CPU.Build.0 = Debug|Any CPU
		{062B6C90-1888-42C7-AC49-9FFF1EF500A9}.Debug|iPhone.ActiveCfg = Debug|Any CPU
		{062B6C90-1888-42C7-AC49-9FFF1EF500A9}.Debug|iPhone.Build.0 = Debug|Any CPU
		{062B6C90-1888-42C7-AC49-9FFF1EF500A9}.Debug|iPhoneSimulator.ActiveCfg = Debug|Any CPU
		{062B6C90-1888-42C7-AC49-9FFF1EF500A9}.Debug|iPhoneSimulator.Build.0 = Debug|Any CPU
		{062B6C90-1888-42C7-AC49-9FFF1EF500A9}.Development|Any CPU.ActiveCfg = Development|Any CPU
		{062B6C90-1888-42C7-AC49-9FFF1EF500A9}.Development|Any CPU.Build.0 = Development|Any CPU
		{062B6C90-1888-42C7-AC49-9FFF1EF500A9}.Development|iPhone.ActiveCfg = Development|Any CPU
		{062B6C90-1888-42C7-AC49-9FFF1EF500A9}.Development|iPhone.Build.0 = Development|Any CPU
		{062B6C90-1888-42C7-AC49-9FFF1EF500A9}.Development|iPhoneSimulator.ActiveCfg = Development|Any CPU
		{062B6C90-1888-42C7-AC49-9FFF1EF500A9}.Development|iPhoneSimulator.Build.0 = Development|Any CPU
		{062B6C90-1888-42C7-AC49-9FFF1EF500A9}.Production|Any CPU.ActiveCfg = Production|Any CPU
		{062B6C90-1888-42C7-AC49-9FFF1EF500A9}.Production|Any CPU.Build.0 = Production|Any CPU
		{062B6C90-1888-42C7-AC49-9FFF1EF500A9}.Production|iPhone.ActiveCfg = Production|Any CPU
		{062B6C90-1888-42C7-AC49-9FFF1EF500A9}.Production|iPhone.Build.0 = Production|Any CPU
		{062B6C90-1888-42C7-AC49-9FFF1EF500A9}.Production|iPhoneSimulator.ActiveCfg = Production|Any CPU
		{062B6C90-1888-42C7-AC49-9FFF1EF500A9}.Production|iPhoneSimulator.Build.0 = Production|Any CPU
		{062B6C90-1888-42C7-AC49-9FFF1EF500A9}.Release|Any CPU.ActiveCfg = Release|Any CPU
		{062B6C90-1888-42C7-AC49-9FFF1EF500A9}.Release|Any CPU.Build.0 = Release|Any CPU
		{062B6C90-1888-42C7-AC49-9FFF1EF500A9}.Release|iPhone.ActiveCfg = Release|Any CPU
		{062B6C90-1888-42C7-AC49-9FFF1EF500A9}.Release|iPhone.Build.0 = Release|Any CPU
		{062B6C90-1888-42C7-AC49-9FFF1EF500A9}.Release|iPhoneSimulator.ActiveCfg = Release|Any CPU
		{062B6C90-1888-42C7-AC49-9FFF1EF500A9}.Release|iPhoneSimulator.Build.0 = Release|Any CPU
		{062B6C90-1888-42C7-AC49-9FFF1EF500A9}.Staging|Any CPU.ActiveCfg = Debug|Any CPU
		{062B6C90-1888-42C7-AC49-9FFF1EF500A9}.Staging|Any CPU.Build.0 = Debug|Any CPU
		{062B6C90-1888-42C7-AC49-9FFF1EF500A9}.Staging|iPhone.ActiveCfg = Debug|Any CPU
		{062B6C90-1888-42C7-AC49-9FFF1EF500A9}.Staging|iPhone.Build.0 = Debug|Any CPU
		{062B6C90-1888-42C7-AC49-9FFF1EF500A9}.Staging|iPhoneSimulator.ActiveCfg = Debug|Any CPU
		{062B6C90-1888-42C7-AC49-9FFF1EF500A9}.Staging|iPhoneSimulator.Build.0 = Debug|Any CPU
		{062B6C90-1888-42C7-AC49-9FFF1EF500A9}.Testing|Any CPU.ActiveCfg = Testing|Any CPU
		{062B6C90-1888-42C7-AC49-9FFF1EF500A9}.Testing|Any CPU.Build.0 = Testing|Any CPU
		{062B6C90-1888-42C7-AC49-9FFF1EF500A9}.Testing|iPhone.ActiveCfg = Testing|Any CPU
		{062B6C90-1888-42C7-AC49-9FFF1EF500A9}.Testing|iPhone.Build.0 = Testing|Any CPU
		{062B6C90-1888-42C7-AC49-9FFF1EF500A9}.Testing|iPhoneSimulator.ActiveCfg = Testing|Any CPU
		{062B6C90-1888-42C7-AC49-9FFF1EF500A9}.Testing|iPhoneSimulator.Build.0 = Testing|Any CPU
		{58826A91-B694-411D-8E9B-0C64C07E63B5}.Debug|Any CPU.ActiveCfg = Debug|Any CPU
		{58826A91-B694-411D-8E9B-0C64C07E63B5}.Debug|Any CPU.Build.0 = Debug|Any CPU
		{58826A91-B694-411D-8E9B-0C64C07E63B5}.Debug|iPhone.ActiveCfg = Debug|Any CPU
		{58826A91-B694-411D-8E9B-0C64C07E63B5}.Debug|iPhone.Build.0 = Debug|Any CPU
		{58826A91-B694-411D-8E9B-0C64C07E63B5}.Debug|iPhoneSimulator.ActiveCfg = Debug|Any CPU
		{58826A91-B694-411D-8E9B-0C64C07E63B5}.Debug|iPhoneSimulator.Build.0 = Debug|Any CPU
		{58826A91-B694-411D-8E9B-0C64C07E63B5}.Development|Any CPU.ActiveCfg = Development|Any CPU
		{58826A91-B694-411D-8E9B-0C64C07E63B5}.Development|Any CPU.Build.0 = Development|Any CPU
		{58826A91-B694-411D-8E9B-0C64C07E63B5}.Development|iPhone.ActiveCfg = Development|Any CPU
		{58826A91-B694-411D-8E9B-0C64C07E63B5}.Development|iPhone.Build.0 = Development|Any CPU
		{58826A91-B694-411D-8E9B-0C64C07E63B5}.Development|iPhoneSimulator.ActiveCfg = Development|Any CPU
		{58826A91-B694-411D-8E9B-0C64C07E63B5}.Development|iPhoneSimulator.Build.0 = Development|Any CPU
		{58826A91-B694-411D-8E9B-0C64C07E63B5}.Production|Any CPU.ActiveCfg = Production|Any CPU
		{58826A91-B694-411D-8E9B-0C64C07E63B5}.Production|Any CPU.Build.0 = Production|Any CPU
		{58826A91-B694-411D-8E9B-0C64C07E63B5}.Production|iPhone.ActiveCfg = Production|Any CPU
		{58826A91-B694-411D-8E9B-0C64C07E63B5}.Production|iPhone.Build.0 = Production|Any CPU
		{58826A91-B694-411D-8E9B-0C64C07E63B5}.Production|iPhoneSimulator.ActiveCfg = Production|Any CPU
		{58826A91-B694-411D-8E9B-0C64C07E63B5}.Production|iPhoneSimulator.Build.0 = Production|Any CPU
		{58826A91-B694-411D-8E9B-0C64C07E63B5}.Release|Any CPU.ActiveCfg = Release|Any CPU
		{58826A91-B694-411D-8E9B-0C64C07E63B5}.Release|Any CPU.Build.0 = Release|Any CPU
		{58826A91-B694-411D-8E9B-0C64C07E63B5}.Release|iPhone.ActiveCfg = Release|Any CPU
		{58826A91-B694-411D-8E9B-0C64C07E63B5}.Release|iPhone.Build.0 = Release|Any CPU
		{58826A91-B694-411D-8E9B-0C64C07E63B5}.Release|iPhoneSimulator.ActiveCfg = Release|Any CPU
		{58826A91-B694-411D-8E9B-0C64C07E63B5}.Release|iPhoneSimulator.Build.0 = Release|Any CPU
		{58826A91-B694-411D-8E9B-0C64C07E63B5}.Staging|Any CPU.ActiveCfg = Debug|Any CPU
		{58826A91-B694-411D-8E9B-0C64C07E63B5}.Staging|Any CPU.Build.0 = Debug|Any CPU
		{58826A91-B694-411D-8E9B-0C64C07E63B5}.Staging|iPhone.ActiveCfg = Debug|Any CPU
		{58826A91-B694-411D-8E9B-0C64C07E63B5}.Staging|iPhone.Build.0 = Debug|Any CPU
		{58826A91-B694-411D-8E9B-0C64C07E63B5}.Staging|iPhoneSimulator.ActiveCfg = Debug|Any CPU
		{58826A91-B694-411D-8E9B-0C64C07E63B5}.Staging|iPhoneSimulator.Build.0 = Debug|Any CPU
		{58826A91-B694-411D-8E9B-0C64C07E63B5}.Testing|Any CPU.ActiveCfg = Testing|Any CPU
		{58826A91-B694-411D-8E9B-0C64C07E63B5}.Testing|Any CPU.Build.0 = Testing|Any CPU
		{58826A91-B694-411D-8E9B-0C64C07E63B5}.Testing|iPhone.ActiveCfg = Testing|Any CPU
		{58826A91-B694-411D-8E9B-0C64C07E63B5}.Testing|iPhone.Build.0 = Testing|Any CPU
		{58826A91-B694-411D-8E9B-0C64C07E63B5}.Testing|iPhoneSimulator.ActiveCfg = Testing|Any CPU
		{58826A91-B694-411D-8E9B-0C64C07E63B5}.Testing|iPhoneSimulator.Build.0 = Testing|Any CPU
		{72FAFEC3-AD7A-404C-8919-CCB6812F6F10}.Debug|Any CPU.ActiveCfg = Debug|Any CPU
		{72FAFEC3-AD7A-404C-8919-CCB6812F6F10}.Debug|Any CPU.Build.0 = Debug|Any CPU
		{72FAFEC3-AD7A-404C-8919-CCB6812F6F10}.Debug|iPhone.ActiveCfg = Debug|Any CPU
		{72FAFEC3-AD7A-404C-8919-CCB6812F6F10}.Debug|iPhone.Build.0 = Debug|Any CPU
		{72FAFEC3-AD7A-404C-8919-CCB6812F6F10}.Debug|iPhoneSimulator.ActiveCfg = Debug|Any CPU
		{72FAFEC3-AD7A-404C-8919-CCB6812F6F10}.Debug|iPhoneSimulator.Build.0 = Debug|Any CPU
		{72FAFEC3-AD7A-404C-8919-CCB6812F6F10}.Development|Any CPU.ActiveCfg = Development|Any CPU
		{72FAFEC3-AD7A-404C-8919-CCB6812F6F10}.Development|Any CPU.Build.0 = Development|Any CPU
		{72FAFEC3-AD7A-404C-8919-CCB6812F6F10}.Development|iPhone.ActiveCfg = Development|Any CPU
		{72FAFEC3-AD7A-404C-8919-CCB6812F6F10}.Development|iPhone.Build.0 = Development|Any CPU
		{72FAFEC3-AD7A-404C-8919-CCB6812F6F10}.Development|iPhoneSimulator.ActiveCfg = Development|Any CPU
		{72FAFEC3-AD7A-404C-8919-CCB6812F6F10}.Development|iPhoneSimulator.Build.0 = Development|Any CPU
		{72FAFEC3-AD7A-404C-8919-CCB6812F6F10}.Production|Any CPU.ActiveCfg = Production|Any CPU
		{72FAFEC3-AD7A-404C-8919-CCB6812F6F10}.Production|Any CPU.Build.0 = Production|Any CPU
		{72FAFEC3-AD7A-404C-8919-CCB6812F6F10}.Production|iPhone.ActiveCfg = Production|Any CPU
		{72FAFEC3-AD7A-404C-8919-CCB6812F6F10}.Production|iPhone.Build.0 = Production|Any CPU
		{72FAFEC3-AD7A-404C-8919-CCB6812F6F10}.Production|iPhoneSimulator.ActiveCfg = Production|Any CPU
		{72FAFEC3-AD7A-404C-8919-CCB6812F6F10}.Production|iPhoneSimulator.Build.0 = Production|Any CPU
		{72FAFEC3-AD7A-404C-8919-CCB6812F6F10}.Release|Any CPU.ActiveCfg = Release|Any CPU
		{72FAFEC3-AD7A-404C-8919-CCB6812F6F10}.Release|Any CPU.Build.0 = Release|Any CPU
		{72FAFEC3-AD7A-404C-8919-CCB6812F6F10}.Release|iPhone.ActiveCfg = Release|Any CPU
		{72FAFEC3-AD7A-404C-8919-CCB6812F6F10}.Release|iPhone.Build.0 = Release|Any CPU
		{72FAFEC3-AD7A-404C-8919-CCB6812F6F10}.Release|iPhoneSimulator.ActiveCfg = Release|Any CPU
		{72FAFEC3-AD7A-404C-8919-CCB6812F6F10}.Release|iPhoneSimulator.Build.0 = Release|Any CPU
		{72FAFEC3-AD7A-404C-8919-CCB6812F6F10}.Staging|Any CPU.ActiveCfg = Staging|Any CPU
		{72FAFEC3-AD7A-404C-8919-CCB6812F6F10}.Staging|Any CPU.Build.0 = Staging|Any CPU
		{72FAFEC3-AD7A-404C-8919-CCB6812F6F10}.Staging|iPhone.ActiveCfg = Staging|Any CPU
		{72FAFEC3-AD7A-404C-8919-CCB6812F6F10}.Staging|iPhone.Build.0 = Staging|Any CPU
		{72FAFEC3-AD7A-404C-8919-CCB6812F6F10}.Staging|iPhoneSimulator.ActiveCfg = Staging|Any CPU
		{72FAFEC3-AD7A-404C-8919-CCB6812F6F10}.Staging|iPhoneSimulator.Build.0 = Staging|Any CPU
		{72FAFEC3-AD7A-404C-8919-CCB6812F6F10}.Testing|Any CPU.ActiveCfg = Testing|Any CPU
		{72FAFEC3-AD7A-404C-8919-CCB6812F6F10}.Testing|Any CPU.Build.0 = Testing|Any CPU
		{72FAFEC3-AD7A-404C-8919-CCB6812F6F10}.Testing|iPhone.ActiveCfg = Testing|Any CPU
		{72FAFEC3-AD7A-404C-8919-CCB6812F6F10}.Testing|iPhone.Build.0 = Testing|Any CPU
		{72FAFEC3-AD7A-404C-8919-CCB6812F6F10}.Testing|iPhoneSimulator.ActiveCfg = Testing|Any CPU
		{72FAFEC3-AD7A-404C-8919-CCB6812F6F10}.Testing|iPhoneSimulator.Build.0 = Testing|Any CPU
		{FEC985ED-058A-4774-B022-7CC5C1D9ABDB}.Debug|Any CPU.ActiveCfg = Debug|Any CPU
		{FEC985ED-058A-4774-B022-7CC5C1D9ABDB}.Debug|Any CPU.Build.0 = Debug|Any CPU
		{FEC985ED-058A-4774-B022-7CC5C1D9ABDB}.Debug|Any CPU.Deploy.0 = Debug|Any CPU
		{FEC985ED-058A-4774-B022-7CC5C1D9ABDB}.Debug|iPhone.ActiveCfg = Debug|Any CPU
		{FEC985ED-058A-4774-B022-7CC5C1D9ABDB}.Debug|iPhone.Build.0 = Debug|Any CPU
		{FEC985ED-058A-4774-B022-7CC5C1D9ABDB}.Debug|iPhone.Deploy.0 = Debug|Any CPU
		{FEC985ED-058A-4774-B022-7CC5C1D9ABDB}.Debug|iPhoneSimulator.ActiveCfg = Debug|Any CPU
		{FEC985ED-058A-4774-B022-7CC5C1D9ABDB}.Debug|iPhoneSimulator.Build.0 = Debug|Any CPU
		{FEC985ED-058A-4774-B022-7CC5C1D9ABDB}.Debug|iPhoneSimulator.Deploy.0 = Debug|Any CPU
		{FEC985ED-058A-4774-B022-7CC5C1D9ABDB}.Development|Any CPU.ActiveCfg = Development|Any CPU
		{FEC985ED-058A-4774-B022-7CC5C1D9ABDB}.Development|Any CPU.Build.0 = Development|Any CPU
		{FEC985ED-058A-4774-B022-7CC5C1D9ABDB}.Development|Any CPU.Deploy.0 = Development|Any CPU
		{FEC985ED-058A-4774-B022-7CC5C1D9ABDB}.Development|iPhone.ActiveCfg = Development|Any CPU
		{FEC985ED-058A-4774-B022-7CC5C1D9ABDB}.Development|iPhone.Build.0 = Development|Any CPU
		{FEC985ED-058A-4774-B022-7CC5C1D9ABDB}.Development|iPhone.Deploy.0 = Development|Any CPU
		{FEC985ED-058A-4774-B022-7CC5C1D9ABDB}.Development|iPhoneSimulator.ActiveCfg = Development|Any CPU
		{FEC985ED-058A-4774-B022-7CC5C1D9ABDB}.Development|iPhoneSimulator.Build.0 = Development|Any CPU
		{FEC985ED-058A-4774-B022-7CC5C1D9ABDB}.Development|iPhoneSimulator.Deploy.0 = Development|Any CPU
		{FEC985ED-058A-4774-B022-7CC5C1D9ABDB}.Production|Any CPU.ActiveCfg = Production|Any CPU
		{FEC985ED-058A-4774-B022-7CC5C1D9ABDB}.Production|Any CPU.Build.0 = Production|Any CPU
		{FEC985ED-058A-4774-B022-7CC5C1D9ABDB}.Production|Any CPU.Deploy.0 = Production|Any CPU
		{FEC985ED-058A-4774-B022-7CC5C1D9ABDB}.Production|iPhone.ActiveCfg = Production|Any CPU
		{FEC985ED-058A-4774-B022-7CC5C1D9ABDB}.Production|iPhone.Build.0 = Production|Any CPU
		{FEC985ED-058A-4774-B022-7CC5C1D9ABDB}.Production|iPhone.Deploy.0 = Production|Any CPU
		{FEC985ED-058A-4774-B022-7CC5C1D9ABDB}.Production|iPhoneSimulator.ActiveCfg = Production|Any CPU
		{FEC985ED-058A-4774-B022-7CC5C1D9ABDB}.Production|iPhoneSimulator.Build.0 = Production|Any CPU
		{FEC985ED-058A-4774-B022-7CC5C1D9ABDB}.Production|iPhoneSimulator.Deploy.0 = Production|Any CPU
		{FEC985ED-058A-4774-B022-7CC5C1D9ABDB}.Release|Any CPU.ActiveCfg = Release|Any CPU
		{FEC985ED-058A-4774-B022-7CC5C1D9ABDB}.Release|Any CPU.Build.0 = Release|Any CPU
		{FEC985ED-058A-4774-B022-7CC5C1D9ABDB}.Release|Any CPU.Deploy.0 = Release|Any CPU
		{FEC985ED-058A-4774-B022-7CC5C1D9ABDB}.Release|iPhone.ActiveCfg = Release|Any CPU
		{FEC985ED-058A-4774-B022-7CC5C1D9ABDB}.Release|iPhone.Build.0 = Release|Any CPU
		{FEC985ED-058A-4774-B022-7CC5C1D9ABDB}.Release|iPhone.Deploy.0 = Release|Any CPU
		{FEC985ED-058A-4774-B022-7CC5C1D9ABDB}.Release|iPhoneSimulator.ActiveCfg = Release|Any CPU
		{FEC985ED-058A-4774-B022-7CC5C1D9ABDB}.Release|iPhoneSimulator.Build.0 = Release|Any CPU
		{FEC985ED-058A-4774-B022-7CC5C1D9ABDB}.Release|iPhoneSimulator.Deploy.0 = Release|Any CPU
		{FEC985ED-058A-4774-B022-7CC5C1D9ABDB}.Staging|Any CPU.ActiveCfg = Staging|Any CPU
		{FEC985ED-058A-4774-B022-7CC5C1D9ABDB}.Staging|Any CPU.Build.0 = Staging|Any CPU
		{FEC985ED-058A-4774-B022-7CC5C1D9ABDB}.Staging|Any CPU.Deploy.0 = Staging|Any CPU
		{FEC985ED-058A-4774-B022-7CC5C1D9ABDB}.Staging|iPhone.ActiveCfg = Staging|Any CPU
		{FEC985ED-058A-4774-B022-7CC5C1D9ABDB}.Staging|iPhone.Build.0 = Staging|Any CPU
		{FEC985ED-058A-4774-B022-7CC5C1D9ABDB}.Staging|iPhone.Deploy.0 = Staging|Any CPU
		{FEC985ED-058A-4774-B022-7CC5C1D9ABDB}.Staging|iPhoneSimulator.ActiveCfg = Staging|Any CPU
		{FEC985ED-058A-4774-B022-7CC5C1D9ABDB}.Staging|iPhoneSimulator.Build.0 = Staging|Any CPU
		{FEC985ED-058A-4774-B022-7CC5C1D9ABDB}.Staging|iPhoneSimulator.Deploy.0 = Staging|Any CPU
		{FEC985ED-058A-4774-B022-7CC5C1D9ABDB}.Testing|Any CPU.ActiveCfg = Testing|Any CPU
		{FEC985ED-058A-4774-B022-7CC5C1D9ABDB}.Testing|Any CPU.Build.0 = Testing|Any CPU
		{FEC985ED-058A-4774-B022-7CC5C1D9ABDB}.Testing|Any CPU.Deploy.0 = Testing|Any CPU
		{FEC985ED-058A-4774-B022-7CC5C1D9ABDB}.Testing|iPhone.ActiveCfg = Testing|Any CPU
		{FEC985ED-058A-4774-B022-7CC5C1D9ABDB}.Testing|iPhone.Build.0 = Testing|Any CPU
		{FEC985ED-058A-4774-B022-7CC5C1D9ABDB}.Testing|iPhone.Deploy.0 = Testing|Any CPU
		{FEC985ED-058A-4774-B022-7CC5C1D9ABDB}.Testing|iPhoneSimulator.ActiveCfg = Testing|Any CPU
		{FEC985ED-058A-4774-B022-7CC5C1D9ABDB}.Testing|iPhoneSimulator.Build.0 = Testing|Any CPU
		{FEC985ED-058A-4774-B022-7CC5C1D9ABDB}.Testing|iPhoneSimulator.Deploy.0 = Testing|Any CPU
		{B37BD32A-ECBF-421E-AC9C-25FE3FACBAEA}.Debug|Any CPU.ActiveCfg = Debug|iPhoneSimulator
		{B37BD32A-ECBF-421E-AC9C-25FE3FACBAEA}.Debug|Any CPU.Build.0 = Debug|iPhoneSimulator
		{B37BD32A-ECBF-421E-AC9C-25FE3FACBAEA}.Debug|iPhone.ActiveCfg = Debug|iPhone
		{B37BD32A-ECBF-421E-AC9C-25FE3FACBAEA}.Debug|iPhone.Build.0 = Debug|iPhone
		{B37BD32A-ECBF-421E-AC9C-25FE3FACBAEA}.Debug|iPhoneSimulator.ActiveCfg = Debug|iPhoneSimulator
		{B37BD32A-ECBF-421E-AC9C-25FE3FACBAEA}.Debug|iPhoneSimulator.Build.0 = Debug|iPhoneSimulator
		{B37BD32A-ECBF-421E-AC9C-25FE3FACBAEA}.Development|Any CPU.ActiveCfg = Development|iPhoneSimulator
		{B37BD32A-ECBF-421E-AC9C-25FE3FACBAEA}.Development|Any CPU.Build.0 = Development|iPhoneSimulator
		{B37BD32A-ECBF-421E-AC9C-25FE3FACBAEA}.Development|iPhone.ActiveCfg = Development|iPhone
		{B37BD32A-ECBF-421E-AC9C-25FE3FACBAEA}.Development|iPhone.Build.0 = Development|iPhone
		{B37BD32A-ECBF-421E-AC9C-25FE3FACBAEA}.Development|iPhoneSimulator.ActiveCfg = Development|iPhoneSimulator
		{B37BD32A-ECBF-421E-AC9C-25FE3FACBAEA}.Development|iPhoneSimulator.Build.0 = Development|iPhoneSimulator
		{B37BD32A-ECBF-421E-AC9C-25FE3FACBAEA}.Production|Any CPU.ActiveCfg = Production|iPhoneSimulator
		{B37BD32A-ECBF-421E-AC9C-25FE3FACBAEA}.Production|Any CPU.Build.0 = Production|iPhoneSimulator
		{B37BD32A-ECBF-421E-AC9C-25FE3FACBAEA}.Production|iPhone.ActiveCfg = Production|iPhone
		{B37BD32A-ECBF-421E-AC9C-25FE3FACBAEA}.Production|iPhone.Build.0 = Production|iPhone
		{B37BD32A-ECBF-421E-AC9C-25FE3FACBAEA}.Production|iPhoneSimulator.ActiveCfg = Production|iPhoneSimulator
		{B37BD32A-ECBF-421E-AC9C-25FE3FACBAEA}.Production|iPhoneSimulator.Build.0 = Production|iPhoneSimulator
		{B37BD32A-ECBF-421E-AC9C-25FE3FACBAEA}.Release|Any CPU.ActiveCfg = Release|iPhoneSimulator
		{B37BD32A-ECBF-421E-AC9C-25FE3FACBAEA}.Release|Any CPU.Build.0 = Release|iPhoneSimulator
		{B37BD32A-ECBF-421E-AC9C-25FE3FACBAEA}.Release|iPhone.ActiveCfg = Release|iPhone
		{B37BD32A-ECBF-421E-AC9C-25FE3FACBAEA}.Release|iPhone.Build.0 = Release|iPhone
		{B37BD32A-ECBF-421E-AC9C-25FE3FACBAEA}.Release|iPhoneSimulator.ActiveCfg = Release|iPhoneSimulator
		{B37BD32A-ECBF-421E-AC9C-25FE3FACBAEA}.Release|iPhoneSimulator.Build.0 = Release|iPhoneSimulator
		{B37BD32A-ECBF-421E-AC9C-25FE3FACBAEA}.Staging|Any CPU.ActiveCfg = Staging|iPhoneSimulator
		{B37BD32A-ECBF-421E-AC9C-25FE3FACBAEA}.Staging|Any CPU.Build.0 = Staging|iPhoneSimulator
		{B37BD32A-ECBF-421E-AC9C-25FE3FACBAEA}.Staging|iPhone.ActiveCfg = Staging|iPhone
		{B37BD32A-ECBF-421E-AC9C-25FE3FACBAEA}.Staging|iPhone.Build.0 = Staging|iPhone
		{B37BD32A-ECBF-421E-AC9C-25FE3FACBAEA}.Staging|iPhoneSimulator.ActiveCfg = Staging|iPhoneSimulator
		{B37BD32A-ECBF-421E-AC9C-25FE3FACBAEA}.Staging|iPhoneSimulator.Build.0 = Staging|iPhoneSimulator
		{B37BD32A-ECBF-421E-AC9C-25FE3FACBAEA}.Testing|Any CPU.ActiveCfg = Testing|iPhoneSimulator
		{B37BD32A-ECBF-421E-AC9C-25FE3FACBAEA}.Testing|Any CPU.Build.0 = Testing|iPhoneSimulator
		{B37BD32A-ECBF-421E-AC9C-25FE3FACBAEA}.Testing|iPhone.ActiveCfg = Testing|iPhone
		{B37BD32A-ECBF-421E-AC9C-25FE3FACBAEA}.Testing|iPhone.Build.0 = Testing|iPhone
		{B37BD32A-ECBF-421E-AC9C-25FE3FACBAEA}.Testing|iPhoneSimulator.ActiveCfg = Testing|iPhoneSimulator
		{B37BD32A-ECBF-421E-AC9C-25FE3FACBAEA}.Testing|iPhoneSimulator.Build.0 = Testing|iPhoneSimulator
	EndGlobalSection
	GlobalSection(SolutionProperties) = preSolution
		HideSolutionNode = FALSE
	EndGlobalSection
	GlobalSection(NestedProjects) = preSolution
		{C468E8CA-60FE-48CB-9712-B85AA133A868} = {7E5CE1B1-5C44-47F4-AF80-C8EF90C08E0D}
		{69140B84-8503-4C7F-A581-0BB4BF002CCE} = {C468E8CA-60FE-48CB-9712-B85AA133A868}
		{CAA6C2E5-3156-40E8-AAE6-4BC44E55301C} = {C468E8CA-60FE-48CB-9712-B85AA133A868}
		{A675D4EC-7EFE-4CB2-A0F2-11215D4A4490} = {2FC24478-70E5-4C26-9F5F-30891AA70A7D}
		{A2B04C97-DEA9-400A-8C15-EE813608B55B} = {69140B84-8503-4C7F-A581-0BB4BF002CCE}
		{56B595EA-2B13-427B-A6F2-00ADA541813C} = {69140B84-8503-4C7F-A581-0BB4BF002CCE}
		{062B6C90-1888-42C7-AC49-9FFF1EF500A9} = {69140B84-8503-4C7F-A581-0BB4BF002CCE}
		{58826A91-B694-411D-8E9B-0C64C07E63B5} = {69140B84-8503-4C7F-A581-0BB4BF002CCE}
		{72FAFEC3-AD7A-404C-8919-CCB6812F6F10} = {69140B84-8503-4C7F-A581-0BB4BF002CCE}
		{FEC985ED-058A-4774-B022-7CC5C1D9ABDB} = {CAA6C2E5-3156-40E8-AAE6-4BC44E55301C}
		{B37BD32A-ECBF-421E-AC9C-25FE3FACBAEA} = {CAA6C2E5-3156-40E8-AAE6-4BC44E55301C}
	EndGlobalSection
	GlobalSection(ExtensibilityGlobals) = postSolution
		SolutionGuid = {04C576EC-77A2-4EEC-8209-AB05FAD5DB1E}
	EndGlobalSection
EndGlobal
