
Microsoft Visual Studio Solution File, Format Version 12.00
# Visual Studio Version 17
VisualStudioVersion = 17.1.32210.238
MinimumVisualStudioVersion = 10.0.40219.1
Project("{2150E333-8FDC-42A3-9474-1A3956D46DE8}") = "Solution Items", "Solution Items", "{3B1B4824-5C95-4F42-859E-EDDE286C514C}"
EndProject
Project("{2150E333-8FDC-42A3-9474-1A3956D46DE8}") = "src", "src", "{39D1688C-BC22-40C5-BEA0-5017F249EBEE}"
EndProject
Project("{2150E333-8FDC-42A3-9474-1A3956D46DE8}") = "test", "test", "{30030747-DEEC-4C1F-9280-AFFA2E2D6EAC}"
EndProject
Project("{2150E333-8FDC-42A3-9474-1A3956D46DE8}") = "Mobile Apps", "Mobile Apps", "{8243E636-974C-438B-B5B2-E0750F3FC52A}"
EndProject
Project("{2150E333-8FDC-42A3-9474-1A3956D46DE8}") = "Mobile Apps", "Mobile Apps", "{6C58C8CA-CD7E-4EF9-AF6F-CA898739AAD3}"
EndProject
Project("{2150E333-8FDC-42A3-9474-1A3956D46DE8}") = "Shared Code", "Shared Code", "{F4239760-15C2-4605-8271-4FE019B018E4}"
EndProject
Project("{2150E333-8FDC-42A3-9474-1A3956D46DE8}") = "Targets", "Targets", "{7CE373F5-F524-43B1-A37E-70A5709D45AA}"
EndProject
Project("{9A19103F-16F7-4668-BE54-9A1E7A4F7556}") = "Bluestone.CrossCuttingConcerns", "Bluestone.CrossCuttingConcerns\Bluestone.CrossCuttingConcerns.csproj", "{B1CF3B47-AA66-44C0-9762-FD7A934B3AE2}"
EndProject
Project("{9A19103F-16F7-4668-BE54-9A1E7A4F7556}") = "Bluestone.Domain", "Bluestone.Domain\Bluestone.Domain.csproj", "{7D069700-5B86-4FBF-8888-4D07A9F98F34}"
EndProject
Project("{9A19103F-16F7-4668-BE54-9A1E7A4F7556}") = "Bluestone.Persistence", "Bluestone.Persistence\Bluestone.Persistence.csproj", "{D86FE0F6-2F82-4908-94AB-C2352EB0D0E4}"
EndProject
Project("{9A19103F-16F7-4668-BE54-9A1E7A4F7556}") = "Bluestone.Presentation", "Bluestone.Presentation\Bluestone.Presentation.csproj", "{80CEDF61-90B7-4E33-855C-860083845E88}"
EndProject
Project("{FAE04EC0-301F-11D3-BF4B-00C04F79EFBC}") = "Bluestone.iOS", "Bluestone.iOS\Bluestone.iOS.csproj", "{B37BD32A-ECBF-421E-AC9C-25FE3FACBAEA}"
EndProject
Global
	GlobalSection(SolutionConfigurationPlatforms) = preSolution
		Debug|Any CPU = Debug|Any CPU
		Debug|iPhone = Debug|iPhone
		Debug|iPhoneSimulator = Debug|iPhoneSimulator
		Development|Any CPU = Development|Any CPU
		Development|iPhone = Development|iPhone
		Development|iPhoneSimulator = Development|iPhoneSimulator
		Production|Any CPU = Production|Any CPU
		Production|iPhone = Production|iPhone
		Production|iPhoneSimulator = Production|iPhoneSimulator
		Release|Any CPU = Release|Any CPU
		Release|iPhone = Release|iPhone
		Release|iPhoneSimulator = Release|iPhoneSimulator
		Staging|Any CPU = Staging|Any CPU
		Staging|iPhone = Staging|iPhone
		Staging|iPhoneSimulator = Staging|iPhoneSimulator
		Testing|Any CPU = Testing|Any CPU
		Testing|iPhone = Testing|iPhone
		Testing|iPhoneSimulator = Testing|iPhoneSimulator
	EndGlobalSection
	GlobalSection(ProjectConfigurationPlatforms) = postSolution
		{B1CF3B47-AA66-44C0-9762-FD7A934B3AE2}.Debug|Any CPU.ActiveCfg = Debug|Any CPU
		{B1CF3B47-AA66-44C0-9762-FD7A934B3AE2}.Debug|Any CPU.Build.0 = Debug|Any CPU
		{B1CF3B47-AA66-44C0-9762-FD7A934B3AE2}.Debug|iPhone.ActiveCfg = Debug|Any CPU
		{B1CF3B47-AA66-44C0-9762-FD7A934B3AE2}.Debug|iPhone.Build.0 = Debug|Any CPU
		{B1CF3B47-AA66-44C0-9762-FD7A934B3AE2}.Debug|iPhoneSimulator.ActiveCfg = Debug|Any CPU
		{B1CF3B47-AA66-44C0-9762-FD7A934B3AE2}.Debug|iPhoneSimulator.Build.0 = Debug|Any CPU
		{B1CF3B47-AA66-44C0-9762-FD7A934B3AE2}.Development|Any CPU.ActiveCfg = Development|Any CPU
		{B1CF3B47-AA66-44C0-9762-FD7A934B3AE2}.Development|Any CPU.Build.0 = Development|Any CPU
		{B1CF3B47-AA66-44C0-9762-FD7A934B3AE2}.Development|iPhone.ActiveCfg = Development|Any CPU
		{B1CF3B47-AA66-44C0-9762-FD7A934B3AE2}.Development|iPhone.Build.0 = Development|Any CPU
		{B1CF3B47-AA66-44C0-9762-FD7A934B3AE2}.Development|iPhoneSimulator.ActiveCfg = Development|Any CPU
		{B1CF3B47-AA66-44C0-9762-FD7A934B3AE2}.Development|iPhoneSimulator.Build.0 = Development|Any CPU
		{B1CF3B47-AA66-44C0-9762-FD7A934B3AE2}.Production|Any CPU.ActiveCfg = Production|Any CPU
		{B1CF3B47-AA66-44C0-9762-FD7A934B3AE2}.Production|Any CPU.Build.0 = Production|Any CPU
		{B1CF3B47-AA66-44C0-9762-FD7A934B3AE2}.Production|iPhone.ActiveCfg = Production|Any CPU
		{B1CF3B47-AA66-44C0-9762-FD7A934B3AE2}.Production|iPhone.Build.0 = Production|Any CPU
		{B1CF3B47-AA66-44C0-9762-FD7A934B3AE2}.Production|iPhoneSimulator.ActiveCfg = Production|Any CPU
		{B1CF3B47-AA66-44C0-9762-FD7A934B3AE2}.Production|iPhoneSimulator.Build.0 = Production|Any CPU
		{B1CF3B47-AA66-44C0-9762-FD7A934B3AE2}.Release|Any CPU.ActiveCfg = Release|Any CPU
		{B1CF3B47-AA66-44C0-9762-FD7A934B3AE2}.Release|Any CPU.Build.0 = Release|Any CPU
		{B1CF3B47-AA66-44C0-9762-FD7A934B3AE2}.Release|iPhone.ActiveCfg = Release|Any CPU
		{B1CF3B47-AA66-44C0-9762-FD7A934B3AE2}.Release|iPhone.Build.0 = Release|Any CPU
		{B1CF3B47-AA66-44C0-9762-FD7A934B3AE2}.Release|iPhoneSimulator.ActiveCfg = Release|Any CPU
		{B1CF3B47-AA66-44C0-9762-FD7A934B3AE2}.Release|iPhoneSimulator.Build.0 = Release|Any CPU
		{B1CF3B47-AA66-44C0-9762-FD7A934B3AE2}.Staging|Any CPU.ActiveCfg = Debug|Any CPU
		{B1CF3B47-AA66-44C0-9762-FD7A934B3AE2}.Staging|Any CPU.Build.0 = Debug|Any CPU
		{B1CF3B47-AA66-44C0-9762-FD7A934B3AE2}.Staging|iPhone.ActiveCfg = Debug|Any CPU
		{B1CF3B47-AA66-44C0-9762-FD7A934B3AE2}.Staging|iPhone.Build.0 = Debug|Any CPU
		{B1CF3B47-AA66-44C0-9762-FD7A934B3AE2}.Staging|iPhoneSimulator.ActiveCfg = Debug|Any CPU
		{B1CF3B47-AA66-44C0-9762-FD7A934B3AE2}.Staging|iPhoneSimulator.Build.0 = Debug|Any CPU
		{B1CF3B47-AA66-44C0-9762-FD7A934B3AE2}.Testing|Any CPU.ActiveCfg = Testing|Any CPU
		{B1CF3B47-AA66-44C0-9762-FD7A934B3AE2}.Testing|Any CPU.Build.0 = Testing|Any CPU
		{B1CF3B47-AA66-44C0-9762-FD7A934B3AE2}.Testing|iPhone.ActiveCfg = Testing|Any CPU
		{B1CF3B47-AA66-44C0-9762-FD7A934B3AE2}.Testing|iPhone.Build.0 = Testing|Any CPU
		{B1CF3B47-AA66-44C0-9762-FD7A934B3AE2}.Testing|iPhoneSimulator.ActiveCfg = Testing|Any CPU
		{B1CF3B47-AA66-44C0-9762-FD7A934B3AE2}.Testing|iPhoneSimulator.Build.0 = Testing|Any CPU
		{7D069700-5B86-4FBF-8888-4D07A9F98F34}.Debug|Any CPU.ActiveCfg = Debug|Any CPU
		{7D069700-5B86-4FBF-8888-4D07A9F98F34}.Debug|Any CPU.Build.0 = Debug|Any CPU
		{7D069700-5B86-4FBF-8888-4D07A9F98F34}.Debug|iPhone.ActiveCfg = Debug|Any CPU
		{7D069700-5B86-4FBF-8888-4D07A9F98F34}.Debug|iPhone.Build.0 = Debug|Any CPU
		{7D069700-5B86-4FBF-8888-4D07A9F98F34}.Debug|iPhoneSimulator.ActiveCfg = Debug|Any CPU
		{7D069700-5B86-4FBF-8888-4D07A9F98F34}.Debug|iPhoneSimulator.Build.0 = Debug|Any CPU
		{7D069700-5B86-4FBF-8888-4D07A9F98F34}.Development|Any CPU.ActiveCfg = Development|Any CPU
		{7D069700-5B86-4FBF-8888-4D07A9F98F34}.Development|Any CPU.Build.0 = Development|Any CPU
		{7D069700-5B86-4FBF-8888-4D07A9F98F34}.Development|iPhone.ActiveCfg = Development|Any CPU
		{7D069700-5B86-4FBF-8888-4D07A9F98F34}.Development|iPhone.Build.0 = Development|Any CPU
		{7D069700-5B86-4FBF-8888-4D07A9F98F34}.Development|iPhoneSimulator.ActiveCfg = Development|Any CPU
		{7D069700-5B86-4FBF-8888-4D07A9F98F34}.Development|iPhoneSimulator.Build.0 = Development|Any CPU
		{7D069700-5B86-4FBF-8888-4D07A9F98F34}.Production|Any CPU.ActiveCfg = Production|Any CPU
		{7D069700-5B86-4FBF-8888-4D07A9F98F34}.Production|Any CPU.Build.0 = Production|Any CPU
		{7D069700-5B86-4FBF-8888-4D07A9F98F34}.Production|iPhone.ActiveCfg = Production|Any CPU
		{7D069700-5B86-4FBF-8888-4D07A9F98F34}.Production|iPhone.Build.0 = Production|Any CPU
		{7D069700-5B86-4FBF-8888-4D07A9F98F34}.Production|iPhoneSimulator.ActiveCfg = Production|Any CPU
		{7D069700-5B86-4FBF-8888-4D07A9F98F34}.Production|iPhoneSimulator.Build.0 = Production|Any CPU
		{7D069700-5B86-4FBF-8888-4D07A9F98F34}.Release|Any CPU.ActiveCfg = Release|Any CPU
		{7D069700-5B86-4FBF-8888-4D07A9F98F34}.Release|Any CPU.Build.0 = Release|Any CPU
		{7D069700-5B86-4FBF-8888-4D07A9F98F34}.Release|iPhone.ActiveCfg = Release|Any CPU
		{7D069700-5B86-4FBF-8888-4D07A9F98F34}.Release|iPhone.Build.0 = Release|Any CPU
		{7D069700-5B86-4FBF-8888-4D07A9F98F34}.Release|iPhoneSimulator.ActiveCfg = Release|Any CPU
		{7D069700-5B86-4FBF-8888-4D07A9F98F34}.Release|iPhoneSimulator.Build.0 = Release|Any CPU
		{7D069700-5B86-4FBF-8888-4D07A9F98F34}.Staging|Any CPU.ActiveCfg = Debug|Any CPU
		{7D069700-5B86-4FBF-8888-4D07A9F98F34}.Staging|Any CPU.Build.0 = Debug|Any CPU
		{7D069700-5B86-4FBF-8888-4D07A9F98F34}.Staging|iPhone.ActiveCfg = Debug|Any CPU
		{7D069700-5B86-4FBF-8888-4D07A9F98F34}.Staging|iPhone.Build.0 = Debug|Any CPU
		{7D069700-5B86-4FBF-8888-4D07A9F98F34}.Staging|iPhoneSimulator.ActiveCfg = Debug|Any CPU
		{7D069700-5B86-4FBF-8888-4D07A9F98F34}.Staging|iPhoneSimulator.Build.0 = Debug|Any CPU
		{7D069700-5B86-4FBF-8888-4D07A9F98F34}.Testing|Any CPU.ActiveCfg = Testing|Any CPU
		{7D069700-5B86-4FBF-8888-4D07A9F98F34}.Testing|Any CPU.Build.0 = Testing|Any CPU
		{7D069700-5B86-4FBF-8888-4D07A9F98F34}.Testing|iPhone.ActiveCfg = Testing|Any CPU
		{7D069700-5B86-4FBF-8888-4D07A9F98F34}.Testing|iPhone.Build.0 = Testing|Any CPU
		{7D069700-5B86-4FBF-8888-4D07A9F98F34}.Testing|iPhoneSimulator.ActiveCfg = Testing|Any CPU
		{7D069700-5B86-4FBF-8888-4D07A9F98F34}.Testing|iPhoneSimulator.Build.0 = Testing|Any CPU
		{D86FE0F6-2F82-4908-94AB-C2352EB0D0E4}.Debug|Any CPU.ActiveCfg = Debug|Any CPU
		{D86FE0F6-2F82-4908-94AB-C2352EB0D0E4}.Debug|Any CPU.Build.0 = Debug|Any CPU
		{D86FE0F6-2F82-4908-94AB-C2352EB0D0E4}.Debug|iPhone.ActiveCfg = Debug|Any CPU
		{D86FE0F6-2F82-4908-94AB-C2352EB0D0E4}.Debug|iPhone.Build.0 = Debug|Any CPU
		{D86FE0F6-2F82-4908-94AB-C2352EB0D0E4}.Debug|iPhoneSimulator.ActiveCfg = Debug|Any CPU
		{D86FE0F6-2F82-4908-94AB-C2352EB0D0E4}.Debug|iPhoneSimulator.Build.0 = Debug|Any CPU
		{D86FE0F6-2F82-4908-94AB-C2352EB0D0E4}.Development|Any CPU.ActiveCfg = Development|Any CPU
		{D86FE0F6-2F82-4908-94AB-C2352EB0D0E4}.Development|Any CPU.Build.0 = Development|Any CPU
		{D86FE0F6-2F82-4908-94AB-C2352EB0D0E4}.Development|iPhone.ActiveCfg = Development|Any CPU
		{D86FE0F6-2F82-4908-94AB-C2352EB0D0E4}.Development|iPhone.Build.0 = Development|Any CPU
		{D86FE0F6-2F82-4908-94AB-C2352EB0D0E4}.Development|iPhoneSimulator.ActiveCfg = Development|Any CPU
		{D86FE0F6-2F82-4908-94AB-C2352EB0D0E4}.Development|iPhoneSimulator.Build.0 = Development|Any CPU
		{D86FE0F6-2F82-4908-94AB-C2352EB0D0E4}.Production|Any CPU.ActiveCfg = Production|Any CPU
		{D86FE0F6-2F82-4908-94AB-C2352EB0D0E4}.Production|Any CPU.Build.0 = Production|Any CPU
		{D86FE0F6-2F82-4908-94AB-C2352EB0D0E4}.Production|iPhone.ActiveCfg = Production|Any CPU
		{D86FE0F6-2F82-4908-94AB-C2352EB0D0E4}.Production|iPhone.Build.0 = Production|Any CPU
		{D86FE0F6-2F82-4908-94AB-C2352EB0D0E4}.Production|iPhoneSimulator.ActiveCfg = Production|Any CPU
		{D86FE0F6-2F82-4908-94AB-C2352EB0D0E4}.Production|iPhoneSimulator.Build.0 = Production|Any CPU
		{D86FE0F6-2F82-4908-94AB-C2352EB0D0E4}.Release|Any CPU.ActiveCfg = Release|Any CPU
		{D86FE0F6-2F82-4908-94AB-C2352EB0D0E4}.Release|Any CPU.Build.0 = Release|Any CPU
		{D86FE0F6-2F82-4908-94AB-C2352EB0D0E4}.Release|iPhone.ActiveCfg = Release|Any CPU
		{D86FE0F6-2F82-4908-94AB-C2352EB0D0E4}.Release|iPhone.Build.0 = Release|Any CPU
		{D86FE0F6-2F82-4908-94AB-C2352EB0D0E4}.Release|iPhoneSimulator.ActiveCfg = Release|Any CPU
		{D86FE0F6-2F82-4908-94AB-C2352EB0D0E4}.Release|iPhoneSimulator.Build.0 = Release|Any CPU
		{D86FE0F6-2F82-4908-94AB-C2352EB0D0E4}.Staging|Any CPU.ActiveCfg = Debug|Any CPU
		{D86FE0F6-2F82-4908-94AB-C2352EB0D0E4}.Staging|Any CPU.Build.0 = Debug|Any CPU
		{D86FE0F6-2F82-4908-94AB-C2352EB0D0E4}.Staging|iPhone.ActiveCfg = Debug|Any CPU
		{D86FE0F6-2F82-4908-94AB-C2352EB0D0E4}.Staging|iPhone.Build.0 = Debug|Any CPU
		{D86FE0F6-2F82-4908-94AB-C2352EB0D0E4}.Staging|iPhoneSimulator.ActiveCfg = Debug|Any CPU
		{D86FE0F6-2F82-4908-94AB-C2352EB0D0E4}.Staging|iPhoneSimulator.Build.0 = Debug|Any CPU
		{D86FE0F6-2F82-4908-94AB-C2352EB0D0E4}.Testing|Any CPU.ActiveCfg = Testing|Any CPU
		{D86FE0F6-2F82-4908-94AB-C2352EB0D0E4}.Testing|Any CPU.Build.0 = Testing|Any CPU
		{D86FE0F6-2F82-4908-94AB-C2352EB0D0E4}.Testing|iPhone.ActiveCfg = Testing|Any CPU
		{D86FE0F6-2F82-4908-94AB-C2352EB0D0E4}.Testing|iPhone.Build.0 = Testing|Any CPU
		{D86FE0F6-2F82-4908-94AB-C2352EB0D0E4}.Testing|iPhoneSimulator.ActiveCfg = Testing|Any CPU
		{D86FE0F6-2F82-4908-94AB-C2352EB0D0E4}.Testing|iPhoneSimulator.Build.0 = Testing|Any CPU
		{80CEDF61-90B7-4E33-855C-860083845E88}.Debug|Any CPU.ActiveCfg = Debug|Any CPU
		{80CEDF61-90B7-4E33-855C-860083845E88}.Debug|Any CPU.Build.0 = Debug|Any CPU
		{80CEDF61-90B7-4E33-855C-860083845E88}.Debug|iPhone.ActiveCfg = Debug|Any CPU
		{80CEDF61-90B7-4E33-855C-860083845E88}.Debug|iPhone.Build.0 = Debug|Any CPU
		{80CEDF61-90B7-4E33-855C-860083845E88}.Debug|iPhoneSimulator.ActiveCfg = Debug|Any CPU
		{80CEDF61-90B7-4E33-855C-860083845E88}.Debug|iPhoneSimulator.Build.0 = Debug|Any CPU
		{80CEDF61-90B7-4E33-855C-860083845E88}.Development|Any CPU.ActiveCfg = Development|Any CPU
		{80CEDF61-90B7-4E33-855C-860083845E88}.Development|Any CPU.Build.0 = Development|Any CPU
		{80CEDF61-90B7-4E33-855C-860083845E88}.Development|iPhone.ActiveCfg = Development|Any CPU
		{80CEDF61-90B7-4E33-855C-860083845E88}.Development|iPhone.Build.0 = Development|Any CPU
		{80CEDF61-90B7-4E33-855C-860083845E88}.Development|iPhoneSimulator.ActiveCfg = Development|Any CPU
		{80CEDF61-90B7-4E33-855C-860083845E88}.Development|iPhoneSimulator.Build.0 = Development|Any CPU
		{80CEDF61-90B7-4E33-855C-860083845E88}.Production|Any CPU.ActiveCfg = Production|Any CPU
		{80CEDF61-90B7-4E33-855C-860083845E88}.Production|Any CPU.Build.0 = Production|Any CPU
		{80CEDF61-90B7-4E33-855C-860083845E88}.Production|iPhone.ActiveCfg = Production|Any CPU
		{80CEDF61-90B7-4E33-855C-860083845E88}.Production|iPhone.Build.0 = Production|Any CPU
		{80CEDF61-90B7-4E33-855C-860083845E88}.Production|iPhoneSimulator.ActiveCfg = Production|Any CPU
		{80CEDF61-90B7-4E33-855C-860083845E88}.Production|iPhoneSimulator.Build.0 = Production|Any CPU
		{80CEDF61-90B7-4E33-855C-860083845E88}.Release|Any CPU.ActiveCfg = Release|Any CPU
		{80CEDF61-90B7-4E33-855C-860083845E88}.Release|Any CPU.Build.0 = Release|Any CPU
		{80CEDF61-90B7-4E33-855C-860083845E88}.Release|iPhone.ActiveCfg = Release|Any CPU
		{80CEDF61-90B7-4E33-855C-860083845E88}.Release|iPhone.Build.0 = Release|Any CPU
		{80CEDF61-90B7-4E33-855C-860083845E88}.Release|iPhoneSimulator.ActiveCfg = Release|Any CPU
		{80CEDF61-90B7-4E33-855C-860083845E88}.Release|iPhoneSimulator.Build.0 = Release|Any CPU
		{80CEDF61-90B7-4E33-855C-860083845E88}.Staging|Any CPU.ActiveCfg = Staging|Any CPU
		{80CEDF61-90B7-4E33-855C-860083845E88}.Staging|Any CPU.Build.0 = Staging|Any CPU
		{80CEDF61-90B7-4E33-855C-860083845E88}.Staging|iPhone.ActiveCfg = Staging|Any CPU
		{80CEDF61-90B7-4E33-855C-860083845E88}.Staging|iPhone.Build.0 = Staging|Any CPU
		{80CEDF61-90B7-4E33-855C-860083845E88}.Staging|iPhoneSimulator.ActiveCfg = Staging|Any CPU
		{80CEDF61-90B7-4E33-855C-860083845E88}.Staging|iPhoneSimulator.Build.0 = Staging|Any CPU
		{80CEDF61-90B7-4E33-855C-860083845E88}.Testing|Any CPU.ActiveCfg = Testing|Any CPU
		{80CEDF61-90B7-4E33-855C-860083845E88}.Testing|Any CPU.Build.0 = Testing|Any CPU
		{80CEDF61-90B7-4E33-855C-860083845E88}.Testing|iPhone.ActiveCfg = Testing|Any CPU
		{80CEDF61-90B7-4E33-855C-860083845E88}.Testing|iPhone.Build.0 = Testing|Any CPU
		{80CEDF61-90B7-4E33-855C-860083845E88}.Testing|iPhoneSimulator.ActiveCfg = Testing|Any CPU
		{80CEDF61-90B7-4E33-855C-860083845E88}.Testing|iPhoneSimulator.Build.0 = Testing|Any CPU
		{B37BD32A-ECBF-421E-AC9C-25FE3FACBAEA}.Debug|Any CPU.ActiveCfg = Debug|iPhoneSimulator
		{B37BD32A-ECBF-421E-AC9C-25FE3FACBAEA}.Debug|Any CPU.Build.0 = Debug|iPhoneSimulator
		{B37BD32A-ECBF-421E-AC9C-25FE3FACBAEA}.Debug|iPhone.ActiveCfg = Debug|iPhone
		{B37BD32A-ECBF-421E-AC9C-25FE3FACBAEA}.Debug|iPhone.Build.0 = Debug|iPhone
		{B37BD32A-ECBF-421E-AC9C-25FE3FACBAEA}.Debug|iPhoneSimulator.ActiveCfg = Debug|iPhoneSimulator
		{B37BD32A-ECBF-421E-AC9C-25FE3FACBAEA}.Debug|iPhoneSimulator.Build.0 = Debug|iPhoneSimulator
		{B37BD32A-ECBF-421E-AC9C-25FE3FACBAEA}.Development|Any CPU.ActiveCfg = Development|iPhoneSimulator
		{B37BD32A-ECBF-421E-AC9C-25FE3FACBAEA}.Development|Any CPU.Build.0 = Development|iPhoneSimulator
		{B37BD32A-ECBF-421E-AC9C-25FE3FACBAEA}.Development|iPhone.ActiveCfg = Development|iPhone
		{B37BD32A-ECBF-421E-AC9C-25FE3FACBAEA}.Development|iPhone.Build.0 = Development|iPhone
		{B37BD32A-ECBF-421E-AC9C-25FE3FACBAEA}.Development|iPhoneSimulator.ActiveCfg = Development|iPhoneSimulator
		{B37BD32A-ECBF-421E-AC9C-25FE3FACBAEA}.Development|iPhoneSimulator.Build.0 = Development|iPhoneSimulator
		{B37BD32A-ECBF-421E-AC9C-25FE3FACBAEA}.Production|Any CPU.ActiveCfg = Production|iPhoneSimulator
		{B37BD32A-ECBF-421E-AC9C-25FE3FACBAEA}.Production|Any CPU.Build.0 = Production|iPhoneSimulator
		{B37BD32A-ECBF-421E-AC9C-25FE3FACBAEA}.Production|iPhone.ActiveCfg = Production|iPhone
		{B37BD32A-ECBF-421E-AC9C-25FE3FACBAEA}.Production|iPhone.Build.0 = Production|iPhone
		{B37BD32A-ECBF-421E-AC9C-25FE3FACBAEA}.Production|iPhoneSimulator.ActiveCfg = Production|iPhoneSimulator
		{B37BD32A-ECBF-421E-AC9C-25FE3FACBAEA}.Production|iPhoneSimulator.Build.0 = Production|iPhoneSimulator
		{B37BD32A-ECBF-421E-AC9C-25FE3FACBAEA}.Release|Any CPU.ActiveCfg = Release|iPhoneSimulator
		{B37BD32A-ECBF-421E-AC9C-25FE3FACBAEA}.Release|Any CPU.Build.0 = Release|iPhoneSimulator
		{B37BD32A-ECBF-421E-AC9C-25FE3FACBAEA}.Release|iPhone.ActiveCfg = Release|iPhone
		{B37BD32A-ECBF-421E-AC9C-25FE3FACBAEA}.Release|iPhone.Build.0 = Release|iPhone
		{B37BD32A-ECBF-421E-AC9C-25FE3FACBAEA}.Release|iPhoneSimulator.ActiveCfg = Release|iPhoneSimulator
		{B37BD32A-ECBF-421E-AC9C-25FE3FACBAEA}.Release|iPhoneSimulator.Build.0 = Release|iPhoneSimulator
		{B37BD32A-ECBF-421E-AC9C-25FE3FACBAEA}.Staging|Any CPU.ActiveCfg = Staging|iPhoneSimulator
		{B37BD32A-ECBF-421E-AC9C-25FE3FACBAEA}.Staging|Any CPU.Build.0 = Staging|iPhoneSimulator
		{B37BD32A-ECBF-421E-AC9C-25FE3FACBAEA}.Staging|iPhone.ActiveCfg = Staging|iPhone
		{B37BD32A-ECBF-421E-AC9C-25FE3FACBAEA}.Staging|iPhone.Build.0 = Staging|iPhone
		{B37BD32A-ECBF-421E-AC9C-25FE3FACBAEA}.Staging|iPhoneSimulator.ActiveCfg = Staging|iPhoneSimulator
		{B37BD32A-ECBF-421E-AC9C-25FE3FACBAEA}.Staging|iPhoneSimulator.Build.0 = Staging|iPhoneSimulator
		{B37BD32A-ECBF-421E-AC9C-25FE3FACBAEA}.Testing|Any CPU.ActiveCfg = Testing|iPhoneSimulator
		{B37BD32A-ECBF-421E-AC9C-25FE3FACBAEA}.Testing|Any CPU.Build.0 = Testing|iPhoneSimulator
		{B37BD32A-ECBF-421E-AC9C-25FE3FACBAEA}.Testing|iPhone.ActiveCfg = Testing|iPhone
		{B37BD32A-ECBF-421E-AC9C-25FE3FACBAEA}.Testing|iPhone.Build.0 = Testing|iPhone
		{B37BD32A-ECBF-421E-AC9C-25FE3FACBAEA}.Testing|iPhoneSimulator.ActiveCfg = Testing|iPhoneSimulator
		{B37BD32A-ECBF-421E-AC9C-25FE3FACBAEA}.Testing|iPhoneSimulator.Build.0 = Testing|iPhoneSimulator
	EndGlobalSection
	GlobalSection(SolutionProperties) = preSolution
		HideSolutionNode = FALSE
	EndGlobalSection
	GlobalSection(NestedProjects) = preSolution
		{8243E636-974C-438B-B5B2-E0750F3FC52A} = {39D1688C-BC22-40C5-BEA0-5017F249EBEE}
		{6C58C8CA-CD7E-4EF9-AF6F-CA898739AAD3} = {30030747-DEEC-4C1F-9280-AFFA2E2D6EAC}
		{F4239760-15C2-4605-8271-4FE019B018E4} = {8243E636-974C-438B-B5B2-E0750F3FC52A}
		{7CE373F5-F524-43B1-A37E-70A5709D45AA} = {8243E636-974C-438B-B5B2-E0750F3FC52A}
		{B1CF3B47-AA66-44C0-9762-FD7A934B3AE2} = {F4239760-15C2-4605-8271-4FE019B018E4}
		{7D069700-5B86-4FBF-8888-4D07A9F98F34} = {F4239760-15C2-4605-8271-4FE019B018E4}
		{D86FE0F6-2F82-4908-94AB-C2352EB0D0E4} = {F4239760-15C2-4605-8271-4FE019B018E4}
		{80CEDF61-90B7-4E33-855C-860083845E88} = {F4239760-15C2-4605-8271-4FE019B018E4}
		{B37BD32A-ECBF-421E-AC9C-25FE3FACBAEA} = {7CE373F5-F524-43B1-A37E-70A5709D45AA}
	EndGlobalSection
	GlobalSection(ExtensibilityGlobals) = postSolution
		SolutionGuid = {17BEB552-9C66-4698-9A75-7395CAFB8924}
	EndGlobalSection
EndGlobal
