
Microsoft Visual Studio Solution File, Format Version 12.00
# Visual Studio Version 17
VisualStudioVersion = 17.1.32319.34
MinimumVisualStudioVersion = 10.0.40219.1
Project("{2150E333-8FDC-42A3-9474-1A3956D46DE8}") = "Solution Items", "Solution Items", "{1C30DAF6-BCE2-409C-8FAA-E0D2B72BA2FB}"
EndProject
Project("{2150E333-8FDC-42A3-9474-1A3956D46DE8}") = "src", "src", "{9A4FBD7D-DB72-42EF-8C80-FA7CF4B7EAA5}"
EndProject
Project("{2150E333-8FDC-42A3-9474-1A3956D46DE8}") = "test", "test", "{BFA548FB-C79F-484B-A42D-EA5E3889EAD0}"
EndProject
Project("{2150E333-8FDC-42A3-9474-1A3956D46DE8}") = "Mobile Apps", "Mobile Apps", "{4BC998C9-14AA-49B5-B534-CFE6FEB950EF}"
EndProject
Project("{2150E333-8FDC-42A3-9474-1A3956D46DE8}") = "Shared Code", "Shared Code", "{FDB63E6D-ED0A-4177-9C34-01117AA69F58}"
EndProject
Project("{2150E333-8FDC-42A3-9474-1A3956D46DE8}") = "Targets", "Targets", "{1416A8EF-CAF9-49A9-A1AE-0630A988AB11}"
EndProject
Project("{2150E333-8FDC-42A3-9474-1A3956D46DE8}") = "Mobile Apps", "Mobile Apps", "{4F3A51C6-EB90-45D8-9040-FF35F68C4741}"
EndProject
Project("{9A19103F-16F7-4668-BE54-9A1E7A4F7556}") = "Bluestone.Mobile.CrossCuttingConcerns", "Mobile Apps\Bluestone.Mobile.CrossCuttingConcerns\Bluestone.Mobile.CrossCuttingConcerns.csproj", "{EFBA9AD7-4549-4770-B4ED-A123ABA0E5B2}"
EndProject
Project("{9A19103F-16F7-4668-BE54-9A1E7A4F7556}") = "Bluestone.Mobile.Domain", "Mobile Apps\Bluestone.Mobile.Domain\Bluestone.Mobile.Domain.csproj", "{5158C702-DA3B-437F-8550-114C5F284001}"
EndProject
Project("{9A19103F-16F7-4668-BE54-9A1E7A4F7556}") = "Bluestone.Mobile.Application", "Mobile Apps\Bluestone.Mobile.Application\Bluestone.Mobile.Application.csproj", "{996F6DFF-DE90-480C-905F-83E9F8E7E51D}"
EndProject
Project("{9A19103F-16F7-4668-BE54-9A1E7A4F7556}") = "Bluestone.Mobile.Persistence", "Mobile Apps\Bluestone.Mobile.Persistence\Bluestone.Mobile.Persistence.csproj", "{46B89B0C-FD14-4AEA-8A14-C0EEFCA0ACB6}"
EndProject
Project("{FAE04EC0-301F-11D3-BF4B-00C04F79EFBC}") = "Bluestone.Mobile.Android", "Mobile Apps\Bluestone.Mobile.Android\Bluestone.Mobile.Android.csproj", "{FEC985ED-058A-4774-B022-7CC5C1D9ABDB}"
EndProject
Project("{FAE04EC0-301F-11D3-BF4B-00C04F79EFBC}") = "Bluestone.Mobile.iOS", "Mobile Apps\Bluestone.Mobile.iOS\Bluestone.Mobile.iOS.csproj", "{B37BD32A-ECBF-421E-AC9C-25FE3FACBAEA}"
EndProject
Project("{9A19103F-16F7-4668-BE54-9A1E7A4F7556}") = "Bluestone.Mobile.Presentation", "Mobile Apps\Bluestone.Mobile.Presentation\Bluestone.Mobile.Presentation.csproj", "{87BE23AC-22F2-413F-B25B-2EE066F0C7BE}"
EndProject
Global
	GlobalSection(SolutionConfigurationPlatforms) = preSolution
		Debug|Any CPU = Debug|Any CPU
		Debug|iPhone = Debug|iPhone
		Debug|iPhoneSimulator = Debug|iPhoneSimulator
		Development|Any CPU = Development|Any CPU
		Development|iPhone = Development|iPhone
		Development|iPhoneSimulator = Development|iPhoneSimulator
		Production|Any CPU = Production|Any CPU
		Production|iPhone = Production|iPhone
		Production|iPhoneSimulator = Production|iPhoneSimulator
		Release|Any CPU = Release|Any CPU
		Release|iPhone = Release|iPhone
		Release|iPhoneSimulator = Release|iPhoneSimulator
		Staging|Any CPU = Staging|Any CPU
		Staging|iPhone = Staging|iPhone
		Staging|iPhoneSimulator = Staging|iPhoneSimulator
		Testing|Any CPU = Testing|Any CPU
		Testing|iPhone = Testing|iPhone
		Testing|iPhoneSimulator = Testing|iPhoneSimulator
	EndGlobalSection
	GlobalSection(ProjectConfigurationPlatforms) = postSolution
		{EFBA9AD7-4549-4770-B4ED-A123ABA0E5B2}.Debug|Any CPU.ActiveCfg = Debug|Any CPU
		{EFBA9AD7-4549-4770-B4ED-A123ABA0E5B2}.Debug|Any CPU.Build.0 = Debug|Any CPU
		{EFBA9AD7-4549-4770-B4ED-A123ABA0E5B2}.Debug|iPhone.ActiveCfg = Debug|Any CPU
		{EFBA9AD7-4549-4770-B4ED-A123ABA0E5B2}.Debug|iPhone.Build.0 = Debug|Any CPU
		{EFBA9AD7-4549-4770-B4ED-A123ABA0E5B2}.Debug|iPhoneSimulator.ActiveCfg = Debug|Any CPU
		{EFBA9AD7-4549-4770-B4ED-A123ABA0E5B2}.Debug|iPhoneSimulator.Build.0 = Debug|Any CPU
		{EFBA9AD7-4549-4770-B4ED-A123ABA0E5B2}.Development|Any CPU.ActiveCfg = Development|Any CPU
		{EFBA9AD7-4549-4770-B4ED-A123ABA0E5B2}.Development|Any CPU.Build.0 = Development|Any CPU
		{EFBA9AD7-4549-4770-B4ED-A123ABA0E5B2}.Development|iPhone.ActiveCfg = Development|Any CPU
		{EFBA9AD7-4549-4770-B4ED-A123ABA0E5B2}.Development|iPhone.Build.0 = Development|Any CPU
		{EFBA9AD7-4549-4770-B4ED-A123ABA0E5B2}.Development|iPhoneSimulator.ActiveCfg = Development|Any CPU
		{EFBA9AD7-4549-4770-B4ED-A123ABA0E5B2}.Development|iPhoneSimulator.Build.0 = Development|Any CPU
		{EFBA9AD7-4549-4770-B4ED-A123ABA0E5B2}.Production|Any CPU.ActiveCfg = Production|Any CPU
		{EFBA9AD7-4549-4770-B4ED-A123ABA0E5B2}.Production|Any CPU.Build.0 = Production|Any CPU
		{EFBA9AD7-4549-4770-B4ED-A123ABA0E5B2}.Production|iPhone.ActiveCfg = Production|Any CPU
		{EFBA9AD7-4549-4770-B4ED-A123ABA0E5B2}.Production|iPhone.Build.0 = Production|Any CPU
		{EFBA9AD7-4549-4770-B4ED-A123ABA0E5B2}.Production|iPhoneSimulator.ActiveCfg = Production|Any CPU
		{EFBA9AD7-4549-4770-B4ED-A123ABA0E5B2}.Production|iPhoneSimulator.Build.0 = Production|Any CPU
		{EFBA9AD7-4549-4770-B4ED-A123ABA0E5B2}.Release|Any CPU.ActiveCfg = Release|Any CPU
		{EFBA9AD7-4549-4770-B4ED-A123ABA0E5B2}.Release|Any CPU.Build.0 = Release|Any CPU
		{EFBA9AD7-4549-4770-B4ED-A123ABA0E5B2}.Release|iPhone.ActiveCfg = Release|Any CPU
		{EFBA9AD7-4549-4770-B4ED-A123ABA0E5B2}.Release|iPhone.Build.0 = Release|Any CPU
		{EFBA9AD7-4549-4770-B4ED-A123ABA0E5B2}.Release|iPhoneSimulator.ActiveCfg = Release|Any CPU
		{EFBA9AD7-4549-4770-B4ED-A123ABA0E5B2}.Release|iPhoneSimulator.Build.0 = Release|Any CPU
		{EFBA9AD7-4549-4770-B4ED-A123ABA0E5B2}.Staging|Any CPU.ActiveCfg = Debug|Any CPU
		{EFBA9AD7-4549-4770-B4ED-A123ABA0E5B2}.Staging|Any CPU.Build.0 = Debug|Any CPU
		{EFBA9AD7-4549-4770-B4ED-A123ABA0E5B2}.Staging|iPhone.ActiveCfg = Debug|Any CPU
		{EFBA9AD7-4549-4770-B4ED-A123ABA0E5B2}.Staging|iPhone.Build.0 = Debug|Any CPU
		{EFBA9AD7-4549-4770-B4ED-A123ABA0E5B2}.Staging|iPhoneSimulator.ActiveCfg = Debug|Any CPU
		{EFBA9AD7-4549-4770-B4ED-A123ABA0E5B2}.Staging|iPhoneSimulator.Build.0 = Debug|Any CPU
		{EFBA9AD7-4549-4770-B4ED-A123ABA0E5B2}.Testing|Any CPU.ActiveCfg = Testing|Any CPU
		{EFBA9AD7-4549-4770-B4ED-A123ABA0E5B2}.Testing|Any CPU.Build.0 = Testing|Any CPU
		{EFBA9AD7-4549-4770-B4ED-A123ABA0E5B2}.Testing|iPhone.ActiveCfg = Testing|Any CPU
		{EFBA9AD7-4549-4770-B4ED-A123ABA0E5B2}.Testing|iPhone.Build.0 = Testing|Any CPU
		{EFBA9AD7-4549-4770-B4ED-A123ABA0E5B2}.Testing|iPhoneSimulator.ActiveCfg = Testing|Any CPU
		{EFBA9AD7-4549-4770-B4ED-A123ABA0E5B2}.Testing|iPhoneSimulator.Build.0 = Testing|Any CPU
		{5158C702-DA3B-437F-8550-114C5F284001}.Debug|Any CPU.ActiveCfg = Debug|Any CPU
		{5158C702-DA3B-437F-8550-114C5F284001}.Debug|Any CPU.Build.0 = Debug|Any CPU
		{5158C702-DA3B-437F-8550-114C5F284001}.Debug|iPhone.ActiveCfg = Debug|Any CPU
		{5158C702-DA3B-437F-8550-114C5F284001}.Debug|iPhone.Build.0 = Debug|Any CPU
		{5158C702-DA3B-437F-8550-114C5F284001}.Debug|iPhoneSimulator.ActiveCfg = Debug|Any CPU
		{5158C702-DA3B-437F-8550-114C5F284001}.Debug|iPhoneSimulator.Build.0 = Debug|Any CPU
		{5158C702-DA3B-437F-8550-114C5F284001}.Development|Any CPU.ActiveCfg = Development|Any CPU
		{5158C702-DA3B-437F-8550-114C5F284001}.Development|Any CPU.Build.0 = Development|Any CPU
		{5158C702-DA3B-437F-8550-114C5F284001}.Development|iPhone.ActiveCfg = Development|Any CPU
		{5158C702-DA3B-437F-8550-114C5F284001}.Development|iPhone.Build.0 = Development|Any CPU
		{5158C702-DA3B-437F-8550-114C5F284001}.Development|iPhoneSimulator.ActiveCfg = Development|Any CPU
		{5158C702-DA3B-437F-8550-114C5F284001}.Development|iPhoneSimulator.Build.0 = Development|Any CPU
		{5158C702-DA3B-437F-8550-114C5F284001}.Production|Any CPU.ActiveCfg = Production|Any CPU
		{5158C702-DA3B-437F-8550-114C5F284001}.Production|Any CPU.Build.0 = Production|Any CPU
		{5158C702-DA3B-437F-8550-114C5F284001}.Production|iPhone.ActiveCfg = Production|Any CPU
		{5158C702-DA3B-437F-8550-114C5F284001}.Production|iPhone.Build.0 = Production|Any CPU
		{5158C702-DA3B-437F-8550-114C5F284001}.Production|iPhoneSimulator.ActiveCfg = Production|Any CPU
		{5158C702-DA3B-437F-8550-114C5F284001}.Production|iPhoneSimulator.Build.0 = Production|Any CPU
		{5158C702-DA3B-437F-8550-114C5F284001}.Release|Any CPU.ActiveCfg = Release|Any CPU
		{5158C702-DA3B-437F-8550-114C5F284001}.Release|Any CPU.Build.0 = Release|Any CPU
		{5158C702-DA3B-437F-8550-114C5F284001}.Release|iPhone.ActiveCfg = Release|Any CPU
		{5158C702-DA3B-437F-8550-114C5F284001}.Release|iPhone.Build.0 = Release|Any CPU
		{5158C702-DA3B-437F-8550-114C5F284001}.Release|iPhoneSimulator.ActiveCfg = Release|Any CPU
		{5158C702-DA3B-437F-8550-114C5F284001}.Release|iPhoneSimulator.Build.0 = Release|Any CPU
		{5158C702-DA3B-437F-8550-114C5F284001}.Staging|Any CPU.ActiveCfg = Debug|Any CPU
		{5158C702-DA3B-437F-8550-114C5F284001}.Staging|Any CPU.Build.0 = Debug|Any CPU
		{5158C702-DA3B-437F-8550-114C5F284001}.Staging|iPhone.ActiveCfg = Debug|Any CPU
		{5158C702-DA3B-437F-8550-114C5F284001}.Staging|iPhone.Build.0 = Debug|Any CPU
		{5158C702-DA3B-437F-8550-114C5F284001}.Staging|iPhoneSimulator.ActiveCfg = Debug|Any CPU
		{5158C702-DA3B-437F-8550-114C5F284001}.Staging|iPhoneSimulator.Build.0 = Debug|Any CPU
		{5158C702-DA3B-437F-8550-114C5F284001}.Testing|Any CPU.ActiveCfg = Testing|Any CPU
		{5158C702-DA3B-437F-8550-114C5F284001}.Testing|Any CPU.Build.0 = Testing|Any CPU
		{5158C702-DA3B-437F-8550-114C5F284001}.Testing|iPhone.ActiveCfg = Testing|Any CPU
		{5158C702-DA3B-437F-8550-114C5F284001}.Testing|iPhone.Build.0 = Testing|Any CPU
		{5158C702-DA3B-437F-8550-114C5F284001}.Testing|iPhoneSimulator.ActiveCfg = Testing|Any CPU
		{5158C702-DA3B-437F-8550-114C5F284001}.Testing|iPhoneSimulator.Build.0 = Testing|Any CPU
		{996F6DFF-DE90-480C-905F-83E9F8E7E51D}.Debug|Any CPU.ActiveCfg = Debug|Any CPU
		{996F6DFF-DE90-480C-905F-83E9F8E7E51D}.Debug|Any CPU.Build.0 = Debug|Any CPU
		{996F6DFF-DE90-480C-905F-83E9F8E7E51D}.Debug|iPhone.ActiveCfg = Debug|Any CPU
		{996F6DFF-DE90-480C-905F-83E9F8E7E51D}.Debug|iPhone.Build.0 = Debug|Any CPU
		{996F6DFF-DE90-480C-905F-83E9F8E7E51D}.Debug|iPhoneSimulator.ActiveCfg = Debug|Any CPU
		{996F6DFF-DE90-480C-905F-83E9F8E7E51D}.Debug|iPhoneSimulator.Build.0 = Debug|Any CPU
		{996F6DFF-DE90-480C-905F-83E9F8E7E51D}.Development|Any CPU.ActiveCfg = Development|Any CPU
		{996F6DFF-DE90-480C-905F-83E9F8E7E51D}.Development|Any CPU.Build.0 = Development|Any CPU
		{996F6DFF-DE90-480C-905F-83E9F8E7E51D}.Development|iPhone.ActiveCfg = Development|Any CPU
		{996F6DFF-DE90-480C-905F-83E9F8E7E51D}.Development|iPhone.Build.0 = Development|Any CPU
		{996F6DFF-DE90-480C-905F-83E9F8E7E51D}.Development|iPhoneSimulator.ActiveCfg = Development|Any CPU
		{996F6DFF-DE90-480C-905F-83E9F8E7E51D}.Development|iPhoneSimulator.Build.0 = Development|Any CPU
		{996F6DFF-DE90-480C-905F-83E9F8E7E51D}.Production|Any CPU.ActiveCfg = Production|Any CPU
		{996F6DFF-DE90-480C-905F-83E9F8E7E51D}.Production|Any CPU.Build.0 = Production|Any CPU
		{996F6DFF-DE90-480C-905F-83E9F8E7E51D}.Production|iPhone.ActiveCfg = Production|Any CPU
		{996F6DFF-DE90-480C-905F-83E9F8E7E51D}.Production|iPhone.Build.0 = Production|Any CPU
		{996F6DFF-DE90-480C-905F-83E9F8E7E51D}.Production|iPhoneSimulator.ActiveCfg = Production|Any CPU
		{996F6DFF-DE90-480C-905F-83E9F8E7E51D}.Production|iPhoneSimulator.Build.0 = Production|Any CPU
		{996F6DFF-DE90-480C-905F-83E9F8E7E51D}.Release|Any CPU.ActiveCfg = Release|Any CPU
		{996F6DFF-DE90-480C-905F-83E9F8E7E51D}.Release|Any CPU.Build.0 = Release|Any CPU
		{996F6DFF-DE90-480C-905F-83E9F8E7E51D}.Release|iPhone.ActiveCfg = Release|Any CPU
		{996F6DFF-DE90-480C-905F-83E9F8E7E51D}.Release|iPhone.Build.0 = Release|Any CPU
		{996F6DFF-DE90-480C-905F-83E9F8E7E51D}.Release|iPhoneSimulator.ActiveCfg = Release|Any CPU
		{996F6DFF-DE90-480C-905F-83E9F8E7E51D}.Release|iPhoneSimulator.Build.0 = Release|Any CPU
		{996F6DFF-DE90-480C-905F-83E9F8E7E51D}.Staging|Any CPU.ActiveCfg = Debug|Any CPU
		{996F6DFF-DE90-480C-905F-83E9F8E7E51D}.Staging|Any CPU.Build.0 = Debug|Any CPU
		{996F6DFF-DE90-480C-905F-83E9F8E7E51D}.Staging|iPhone.ActiveCfg = Debug|Any CPU
		{996F6DFF-DE90-480C-905F-83E9F8E7E51D}.Staging|iPhone.Build.0 = Debug|Any CPU
		{996F6DFF-DE90-480C-905F-83E9F8E7E51D}.Staging|iPhoneSimulator.ActiveCfg = Debug|Any CPU
		{996F6DFF-DE90-480C-905F-83E9F8E7E51D}.Staging|iPhoneSimulator.Build.0 = Debug|Any CPU
		{996F6DFF-DE90-480C-905F-83E9F8E7E51D}.Testing|Any CPU.ActiveCfg = Testing|Any CPU
		{996F6DFF-DE90-480C-905F-83E9F8E7E51D}.Testing|Any CPU.Build.0 = Testing|Any CPU
		{996F6DFF-DE90-480C-905F-83E9F8E7E51D}.Testing|iPhone.ActiveCfg = Testing|Any CPU
		{996F6DFF-DE90-480C-905F-83E9F8E7E51D}.Testing|iPhone.Build.0 = Testing|Any CPU
		{996F6DFF-DE90-480C-905F-83E9F8E7E51D}.Testing|iPhoneSimulator.ActiveCfg = Testing|Any CPU
		{996F6DFF-DE90-480C-905F-83E9F8E7E51D}.Testing|iPhoneSimulator.Build.0 = Testing|Any CPU
		{46B89B0C-FD14-4AEA-8A14-C0EEFCA0ACB6}.Debug|Any CPU.ActiveCfg = Debug|Any CPU
		{46B89B0C-FD14-4AEA-8A14-C0EEFCA0ACB6}.Debug|Any CPU.Build.0 = Debug|Any CPU
		{46B89B0C-FD14-4AEA-8A14-C0EEFCA0ACB6}.Debug|iPhone.ActiveCfg = Debug|Any CPU
		{46B89B0C-FD14-4AEA-8A14-C0EEFCA0ACB6}.Debug|iPhone.Build.0 = Debug|Any CPU
		{46B89B0C-FD14-4AEA-8A14-C0EEFCA0ACB6}.Debug|iPhoneSimulator.ActiveCfg = Debug|Any CPU
		{46B89B0C-FD14-4AEA-8A14-C0EEFCA0ACB6}.Debug|iPhoneSimulator.Build.0 = Debug|Any CPU
		{46B89B0C-FD14-4AEA-8A14-C0EEFCA0ACB6}.Development|Any CPU.ActiveCfg = Development|Any CPU
		{46B89B0C-FD14-4AEA-8A14-C0EEFCA0ACB6}.Development|Any CPU.Build.0 = Development|Any CPU
		{46B89B0C-FD14-4AEA-8A14-C0EEFCA0ACB6}.Development|iPhone.ActiveCfg = Development|Any CPU
		{46B89B0C-FD14-4AEA-8A14-C0EEFCA0ACB6}.Development|iPhone.Build.0 = Development|Any CPU
		{46B89B0C-FD14-4AEA-8A14-C0EEFCA0ACB6}.Development|iPhoneSimulator.ActiveCfg = Development|Any CPU
		{46B89B0C-FD14-4AEA-8A14-C0EEFCA0ACB6}.Development|iPhoneSimulator.Build.0 = Development|Any CPU
		{46B89B0C-FD14-4AEA-8A14-C0EEFCA0ACB6}.Production|Any CPU.ActiveCfg = Production|Any CPU
		{46B89B0C-FD14-4AEA-8A14-C0EEFCA0ACB6}.Production|Any CPU.Build.0 = Production|Any CPU
		{46B89B0C-FD14-4AEA-8A14-C0EEFCA0ACB6}.Production|iPhone.ActiveCfg = Production|Any CPU
		{46B89B0C-FD14-4AEA-8A14-C0EEFCA0ACB6}.Production|iPhone.Build.0 = Production|Any CPU
		{46B89B0C-FD14-4AEA-8A14-C0EEFCA0ACB6}.Production|iPhoneSimulator.ActiveCfg = Production|Any CPU
		{46B89B0C-FD14-4AEA-8A14-C0EEFCA0ACB6}.Production|iPhoneSimulator.Build.0 = Production|Any CPU
		{46B89B0C-FD14-4AEA-8A14-C0EEFCA0ACB6}.Release|Any CPU.ActiveCfg = Release|Any CPU
		{46B89B0C-FD14-4AEA-8A14-C0EEFCA0ACB6}.Release|Any CPU.Build.0 = Release|Any CPU
		{46B89B0C-FD14-4AEA-8A14-C0EEFCA0ACB6}.Release|iPhone.ActiveCfg = Release|Any CPU
		{46B89B0C-FD14-4AEA-8A14-C0EEFCA0ACB6}.Release|iPhone.Build.0 = Release|Any CPU
		{46B89B0C-FD14-4AEA-8A14-C0EEFCA0ACB6}.Release|iPhoneSimulator.ActiveCfg = Release|Any CPU
		{46B89B0C-FD14-4AEA-8A14-C0EEFCA0ACB6}.Release|iPhoneSimulator.Build.0 = Release|Any CPU
		{46B89B0C-FD14-4AEA-8A14-C0EEFCA0ACB6}.Staging|Any CPU.ActiveCfg = Debug|Any CPU
		{46B89B0C-FD14-4AEA-8A14-C0EEFCA0ACB6}.Staging|Any CPU.Build.0 = Debug|Any CPU
		{46B89B0C-FD14-4AEA-8A14-C0EEFCA0ACB6}.Staging|iPhone.ActiveCfg = Debug|Any CPU
		{46B89B0C-FD14-4AEA-8A14-C0EEFCA0ACB6}.Staging|iPhone.Build.0 = Debug|Any CPU
		{46B89B0C-FD14-4AEA-8A14-C0EEFCA0ACB6}.Staging|iPhoneSimulator.ActiveCfg = Debug|Any CPU
		{46B89B0C-FD14-4AEA-8A14-C0EEFCA0ACB6}.Staging|iPhoneSimulator.Build.0 = Debug|Any CPU
		{46B89B0C-FD14-4AEA-8A14-C0EEFCA0ACB6}.Testing|Any CPU.ActiveCfg = Testing|Any CPU
		{46B89B0C-FD14-4AEA-8A14-C0EEFCA0ACB6}.Testing|Any CPU.Build.0 = Testing|Any CPU
		{46B89B0C-FD14-4AEA-8A14-C0EEFCA0ACB6}.Testing|iPhone.ActiveCfg = Testing|Any CPU
		{46B89B0C-FD14-4AEA-8A14-C0EEFCA0ACB6}.Testing|iPhone.Build.0 = Testing|Any CPU
		{46B89B0C-FD14-4AEA-8A14-C0EEFCA0ACB6}.Testing|iPhoneSimulator.ActiveCfg = Testing|Any CPU
		{46B89B0C-FD14-4AEA-8A14-C0EEFCA0ACB6}.Testing|iPhoneSimulator.Build.0 = Testing|Any CPU
		{FEC985ED-058A-4774-B022-7CC5C1D9ABDB}.Debug|Any CPU.ActiveCfg = Debug|Any CPU
		{FEC985ED-058A-4774-B022-7CC5C1D9ABDB}.Debug|Any CPU.Build.0 = Debug|Any CPU
		{FEC985ED-058A-4774-B022-7CC5C1D9ABDB}.Debug|Any CPU.Deploy.0 = Debug|Any CPU
		{FEC985ED-058A-4774-B022-7CC5C1D9ABDB}.Debug|iPhone.ActiveCfg = Debug|Any CPU
		{FEC985ED-058A-4774-B022-7CC5C1D9ABDB}.Debug|iPhone.Build.0 = Debug|Any CPU
		{FEC985ED-058A-4774-B022-7CC5C1D9ABDB}.Debug|iPhone.Deploy.0 = Debug|Any CPU
		{FEC985ED-058A-4774-B022-7CC5C1D9ABDB}.Debug|iPhoneSimulator.ActiveCfg = Debug|Any CPU
		{FEC985ED-058A-4774-B022-7CC5C1D9ABDB}.Debug|iPhoneSimulator.Build.0 = Debug|Any CPU
		{FEC985ED-058A-4774-B022-7CC5C1D9ABDB}.Debug|iPhoneSimulator.Deploy.0 = Debug|Any CPU
		{FEC985ED-058A-4774-B022-7CC5C1D9ABDB}.Development|Any CPU.ActiveCfg = Development|Any CPU
		{FEC985ED-058A-4774-B022-7CC5C1D9ABDB}.Development|Any CPU.Build.0 = Development|Any CPU
		{FEC985ED-058A-4774-B022-7CC5C1D9ABDB}.Development|Any CPU.Deploy.0 = Development|Any CPU
		{FEC985ED-058A-4774-B022-7CC5C1D9ABDB}.Development|iPhone.ActiveCfg = Development|Any CPU
		{FEC985ED-058A-4774-B022-7CC5C1D9ABDB}.Development|iPhone.Build.0 = Development|Any CPU
		{FEC985ED-058A-4774-B022-7CC5C1D9ABDB}.Development|iPhone.Deploy.0 = Development|Any CPU
		{FEC985ED-058A-4774-B022-7CC5C1D9ABDB}.Development|iPhoneSimulator.ActiveCfg = Development|Any CPU
		{FEC985ED-058A-4774-B022-7CC5C1D9ABDB}.Development|iPhoneSimulator.Build.0 = Development|Any CPU
		{FEC985ED-058A-4774-B022-7CC5C1D9ABDB}.Development|iPhoneSimulator.Deploy.0 = Development|Any CPU
		{FEC985ED-058A-4774-B022-7CC5C1D9ABDB}.Production|Any CPU.ActiveCfg = Production|Any CPU
		{FEC985ED-058A-4774-B022-7CC5C1D9ABDB}.Production|Any CPU.Build.0 = Production|Any CPU
		{FEC985ED-058A-4774-B022-7CC5C1D9ABDB}.Production|Any CPU.Deploy.0 = Production|Any CPU
		{FEC985ED-058A-4774-B022-7CC5C1D9ABDB}.Production|iPhone.ActiveCfg = Production|Any CPU
		{FEC985ED-058A-4774-B022-7CC5C1D9ABDB}.Production|iPhone.Build.0 = Production|Any CPU
		{FEC985ED-058A-4774-B022-7CC5C1D9ABDB}.Production|iPhone.Deploy.0 = Production|Any CPU
		{FEC985ED-058A-4774-B022-7CC5C1D9ABDB}.Production|iPhoneSimulator.ActiveCfg = Production|Any CPU
		{FEC985ED-058A-4774-B022-7CC5C1D9ABDB}.Production|iPhoneSimulator.Build.0 = Production|Any CPU
		{FEC985ED-058A-4774-B022-7CC5C1D9ABDB}.Production|iPhoneSimulator.Deploy.0 = Production|Any CPU
		{FEC985ED-058A-4774-B022-7CC5C1D9ABDB}.Release|Any CPU.ActiveCfg = Release|Any CPU
		{FEC985ED-058A-4774-B022-7CC5C1D9ABDB}.Release|Any CPU.Build.0 = Release|Any CPU
		{FEC985ED-058A-4774-B022-7CC5C1D9ABDB}.Release|Any CPU.Deploy.0 = Release|Any CPU
		{FEC985ED-058A-4774-B022-7CC5C1D9ABDB}.Release|iPhone.ActiveCfg = Release|Any CPU
		{FEC985ED-058A-4774-B022-7CC5C1D9ABDB}.Release|iPhone.Build.0 = Release|Any CPU
		{FEC985ED-058A-4774-B022-7CC5C1D9ABDB}.Release|iPhone.Deploy.0 = Release|Any CPU
		{FEC985ED-058A-4774-B022-7CC5C1D9ABDB}.Release|iPhoneSimulator.ActiveCfg = Release|Any CPU
		{FEC985ED-058A-4774-B022-7CC5C1D9ABDB}.Release|iPhoneSimulator.Build.0 = Release|Any CPU
		{FEC985ED-058A-4774-B022-7CC5C1D9ABDB}.Release|iPhoneSimulator.Deploy.0 = Release|Any CPU
		{FEC985ED-058A-4774-B022-7CC5C1D9ABDB}.Staging|Any CPU.ActiveCfg = Staging|Any CPU
		{FEC985ED-058A-4774-B022-7CC5C1D9ABDB}.Staging|Any CPU.Build.0 = Staging|Any CPU
		{FEC985ED-058A-4774-B022-7CC5C1D9ABDB}.Staging|Any CPU.Deploy.0 = Staging|Any CPU
		{FEC985ED-058A-4774-B022-7CC5C1D9ABDB}.Staging|iPhone.ActiveCfg = Staging|Any CPU
		{FEC985ED-058A-4774-B022-7CC5C1D9ABDB}.Staging|iPhone.Build.0 = Staging|Any CPU
		{FEC985ED-058A-4774-B022-7CC5C1D9ABDB}.Staging|iPhone.Deploy.0 = Staging|Any CPU
		{FEC985ED-058A-4774-B022-7CC5C1D9ABDB}.Staging|iPhoneSimulator.ActiveCfg = Staging|Any CPU
		{FEC985ED-058A-4774-B022-7CC5C1D9ABDB}.Staging|iPhoneSimulator.Build.0 = Staging|Any CPU
		{FEC985ED-058A-4774-B022-7CC5C1D9ABDB}.Staging|iPhoneSimulator.Deploy.0 = Staging|Any CPU
		{FEC985ED-058A-4774-B022-7CC5C1D9ABDB}.Testing|Any CPU.ActiveCfg = Testing|Any CPU
		{FEC985ED-058A-4774-B022-7CC5C1D9ABDB}.Testing|Any CPU.Build.0 = Testing|Any CPU
		{FEC985ED-058A-4774-B022-7CC5C1D9ABDB}.Testing|Any CPU.Deploy.0 = Testing|Any CPU
		{FEC985ED-058A-4774-B022-7CC5C1D9ABDB}.Testing|iPhone.ActiveCfg = Testing|Any CPU
		{FEC985ED-058A-4774-B022-7CC5C1D9ABDB}.Testing|iPhone.Build.0 = Testing|Any CPU
		{FEC985ED-058A-4774-B022-7CC5C1D9ABDB}.Testing|iPhone.Deploy.0 = Testing|Any CPU
		{FEC985ED-058A-4774-B022-7CC5C1D9ABDB}.Testing|iPhoneSimulator.ActiveCfg = Testing|Any CPU
		{FEC985ED-058A-4774-B022-7CC5C1D9ABDB}.Testing|iPhoneSimulator.Build.0 = Testing|Any CPU
		{FEC985ED-058A-4774-B022-7CC5C1D9ABDB}.Testing|iPhoneSimulator.Deploy.0 = Testing|Any CPU
		{B37BD32A-ECBF-421E-AC9C-25FE3FACBAEA}.Debug|Any CPU.ActiveCfg = Debug|iPhoneSimulator
		{B37BD32A-ECBF-421E-AC9C-25FE3FACBAEA}.Debug|Any CPU.Build.0 = Debug|iPhoneSimulator
		{B37BD32A-ECBF-421E-AC9C-25FE3FACBAEA}.Debug|iPhone.ActiveCfg = Debug|iPhone
		{B37BD32A-ECBF-421E-AC9C-25FE3FACBAEA}.Debug|iPhone.Build.0 = Debug|iPhone
		{B37BD32A-ECBF-421E-AC9C-25FE3FACBAEA}.Debug|iPhoneSimulator.ActiveCfg = Debug|iPhoneSimulator
		{B37BD32A-ECBF-421E-AC9C-25FE3FACBAEA}.Debug|iPhoneSimulator.Build.0 = Debug|iPhoneSimulator
		{B37BD32A-ECBF-421E-AC9C-25FE3FACBAEA}.Development|Any CPU.ActiveCfg = Development|iPhoneSimulator
		{B37BD32A-ECBF-421E-AC9C-25FE3FACBAEA}.Development|Any CPU.Build.0 = Development|iPhoneSimulator
		{B37BD32A-ECBF-421E-AC9C-25FE3FACBAEA}.Development|iPhone.ActiveCfg = Development|iPhone
		{B37BD32A-ECBF-421E-AC9C-25FE3FACBAEA}.Development|iPhone.Build.0 = Development|iPhone
		{B37BD32A-ECBF-421E-AC9C-25FE3FACBAEA}.Development|iPhoneSimulator.ActiveCfg = Development|iPhoneSimulator
		{B37BD32A-ECBF-421E-AC9C-25FE3FACBAEA}.Development|iPhoneSimulator.Build.0 = Development|iPhoneSimulator
		{B37BD32A-ECBF-421E-AC9C-25FE3FACBAEA}.Production|Any CPU.ActiveCfg = Production|iPhoneSimulator
		{B37BD32A-ECBF-421E-AC9C-25FE3FACBAEA}.Production|Any CPU.Build.0 = Production|iPhoneSimulator
		{B37BD32A-ECBF-421E-AC9C-25FE3FACBAEA}.Production|iPhone.ActiveCfg = Production|iPhone
		{B37BD32A-ECBF-421E-AC9C-25FE3FACBAEA}.Production|iPhone.Build.0 = Production|iPhone
		{B37BD32A-ECBF-421E-AC9C-25FE3FACBAEA}.Production|iPhoneSimulator.ActiveCfg = Production|iPhoneSimulator
		{B37BD32A-ECBF-421E-AC9C-25FE3FACBAEA}.Production|iPhoneSimulator.Build.0 = Production|iPhoneSimulator
		{B37BD32A-ECBF-421E-AC9C-25FE3FACBAEA}.Release|Any CPU.ActiveCfg = Release|iPhoneSimulator
		{B37BD32A-ECBF-421E-AC9C-25FE3FACBAEA}.Release|Any CPU.Build.0 = Release|iPhoneSimulator
		{B37BD32A-ECBF-421E-AC9C-25FE3FACBAEA}.Release|iPhone.ActiveCfg = Release|iPhone
		{B37BD32A-ECBF-421E-AC9C-25FE3FACBAEA}.Release|iPhone.Build.0 = Release|iPhone
		{B37BD32A-ECBF-421E-AC9C-25FE3FACBAEA}.Release|iPhoneSimulator.ActiveCfg = Release|iPhoneSimulator
		{B37BD32A-ECBF-421E-AC9C-25FE3FACBAEA}.Release|iPhoneSimulator.Build.0 = Release|iPhoneSimulator
		{B37BD32A-ECBF-421E-AC9C-25FE3FACBAEA}.Staging|Any CPU.ActiveCfg = Staging|iPhoneSimulator
		{B37BD32A-ECBF-421E-AC9C-25FE3FACBAEA}.Staging|Any CPU.Build.0 = Staging|iPhoneSimulator
		{B37BD32A-ECBF-421E-AC9C-25FE3FACBAEA}.Staging|iPhone.ActiveCfg = Staging|iPhone
		{B37BD32A-ECBF-421E-AC9C-25FE3FACBAEA}.Staging|iPhone.Build.0 = Staging|iPhone
		{B37BD32A-ECBF-421E-AC9C-25FE3FACBAEA}.Staging|iPhoneSimulator.ActiveCfg = Staging|iPhoneSimulator
		{B37BD32A-ECBF-421E-AC9C-25FE3FACBAEA}.Staging|iPhoneSimulator.Build.0 = Staging|iPhoneSimulator
		{B37BD32A-ECBF-421E-AC9C-25FE3FACBAEA}.Testing|Any CPU.ActiveCfg = Testing|iPhoneSimulator
		{B37BD32A-ECBF-421E-AC9C-25FE3FACBAEA}.Testing|Any CPU.Build.0 = Testing|iPhoneSimulator
		{B37BD32A-ECBF-421E-AC9C-25FE3FACBAEA}.Testing|iPhone.ActiveCfg = Testing|iPhone
		{B37BD32A-ECBF-421E-AC9C-25FE3FACBAEA}.Testing|iPhone.Build.0 = Testing|iPhone
		{B37BD32A-ECBF-421E-AC9C-25FE3FACBAEA}.Testing|iPhoneSimulator.ActiveCfg = Testing|iPhoneSimulator
		{B37BD32A-ECBF-421E-AC9C-25FE3FACBAEA}.Testing|iPhoneSimulator.Build.0 = Testing|iPhoneSimulator
		{87BE23AC-22F2-413F-B25B-2EE066F0C7BE}.Debug|Any CPU.ActiveCfg = Debug|Any CPU
		{87BE23AC-22F2-413F-B25B-2EE066F0C7BE}.Debug|Any CPU.Build.0 = Debug|Any CPU
		{87BE23AC-22F2-413F-B25B-2EE066F0C7BE}.Debug|iPhone.ActiveCfg = Debug|Any CPU
		{87BE23AC-22F2-413F-B25B-2EE066F0C7BE}.Debug|iPhone.Build.0 = Debug|Any CPU
		{87BE23AC-22F2-413F-B25B-2EE066F0C7BE}.Debug|iPhoneSimulator.ActiveCfg = Debug|Any CPU
		{87BE23AC-22F2-413F-B25B-2EE066F0C7BE}.Debug|iPhoneSimulator.Build.0 = Debug|Any CPU
		{87BE23AC-22F2-413F-B25B-2EE066F0C7BE}.Development|Any CPU.ActiveCfg = Development|Any CPU
		{87BE23AC-22F2-413F-B25B-2EE066F0C7BE}.Development|Any CPU.Build.0 = Development|Any CPU
		{87BE23AC-22F2-413F-B25B-2EE066F0C7BE}.Development|iPhone.ActiveCfg = Development|Any CPU
		{87BE23AC-22F2-413F-B25B-2EE066F0C7BE}.Development|iPhone.Build.0 = Development|Any CPU
		{87BE23AC-22F2-413F-B25B-2EE066F0C7BE}.Development|iPhoneSimulator.ActiveCfg = Development|Any CPU
		{87BE23AC-22F2-413F-B25B-2EE066F0C7BE}.Development|iPhoneSimulator.Build.0 = Development|Any CPU
		{87BE23AC-22F2-413F-B25B-2EE066F0C7BE}.Production|Any CPU.ActiveCfg = Production|Any CPU
		{87BE23AC-22F2-413F-B25B-2EE066F0C7BE}.Production|Any CPU.Build.0 = Production|Any CPU
		{87BE23AC-22F2-413F-B25B-2EE066F0C7BE}.Production|iPhone.ActiveCfg = Production|Any CPU
		{87BE23AC-22F2-413F-B25B-2EE066F0C7BE}.Production|iPhone.Build.0 = Production|Any CPU
		{87BE23AC-22F2-413F-B25B-2EE066F0C7BE}.Production|iPhoneSimulator.ActiveCfg = Production|Any CPU
		{87BE23AC-22F2-413F-B25B-2EE066F0C7BE}.Production|iPhoneSimulator.Build.0 = Production|Any CPU
		{87BE23AC-22F2-413F-B25B-2EE066F0C7BE}.Release|Any CPU.ActiveCfg = Release|Any CPU
		{87BE23AC-22F2-413F-B25B-2EE066F0C7BE}.Release|Any CPU.Build.0 = Release|Any CPU
		{87BE23AC-22F2-413F-B25B-2EE066F0C7BE}.Release|iPhone.ActiveCfg = Release|Any CPU
		{87BE23AC-22F2-413F-B25B-2EE066F0C7BE}.Release|iPhone.Build.0 = Release|Any CPU
		{87BE23AC-22F2-413F-B25B-2EE066F0C7BE}.Release|iPhoneSimulator.ActiveCfg = Release|Any CPU
		{87BE23AC-22F2-413F-B25B-2EE066F0C7BE}.Release|iPhoneSimulator.Build.0 = Release|Any CPU
		{87BE23AC-22F2-413F-B25B-2EE066F0C7BE}.Staging|Any CPU.ActiveCfg = Staging|Any CPU
		{87BE23AC-22F2-413F-B25B-2EE066F0C7BE}.Staging|Any CPU.Build.0 = Staging|Any CPU
		{87BE23AC-22F2-413F-B25B-2EE066F0C7BE}.Staging|iPhone.ActiveCfg = Staging|Any CPU
		{87BE23AC-22F2-413F-B25B-2EE066F0C7BE}.Staging|iPhone.Build.0 = Staging|Any CPU
		{87BE23AC-22F2-413F-B25B-2EE066F0C7BE}.Staging|iPhoneSimulator.ActiveCfg = Staging|Any CPU
		{87BE23AC-22F2-413F-B25B-2EE066F0C7BE}.Staging|iPhoneSimulator.Build.0 = Staging|Any CPU
		{87BE23AC-22F2-413F-B25B-2EE066F0C7BE}.Testing|Any CPU.ActiveCfg = Testing|Any CPU
		{87BE23AC-22F2-413F-B25B-2EE066F0C7BE}.Testing|Any CPU.Build.0 = Testing|Any CPU
		{87BE23AC-22F2-413F-B25B-2EE066F0C7BE}.Testing|iPhone.ActiveCfg = Testing|Any CPU
		{87BE23AC-22F2-413F-B25B-2EE066F0C7BE}.Testing|iPhone.Build.0 = Testing|Any CPU
		{87BE23AC-22F2-413F-B25B-2EE066F0C7BE}.Testing|iPhoneSimulator.ActiveCfg = Testing|Any CPU
		{87BE23AC-22F2-413F-B25B-2EE066F0C7BE}.Testing|iPhoneSimulator.Build.0 = Testing|Any CPU
	EndGlobalSection
	GlobalSection(SolutionProperties) = preSolution
		HideSolutionNode = FALSE
	EndGlobalSection
	GlobalSection(NestedProjects) = preSolution
		{4BC998C9-14AA-49B5-B534-CFE6FEB950EF} = {9A4FBD7D-DB72-42EF-8C80-FA7CF4B7EAA5}
		{FDB63E6D-ED0A-4177-9C34-01117AA69F58} = {4BC998C9-14AA-49B5-B534-CFE6FEB950EF}
		{1416A8EF-CAF9-49A9-A1AE-0630A988AB11} = {4BC998C9-14AA-49B5-B534-CFE6FEB950EF}
		{4F3A51C6-EB90-45D8-9040-FF35F68C4741} = {BFA548FB-C79F-484B-A42D-EA5E3889EAD0}
		{EFBA9AD7-4549-4770-B4ED-A123ABA0E5B2} = {FDB63E6D-ED0A-4177-9C34-01117AA69F58}
		{5158C702-DA3B-437F-8550-114C5F284001} = {FDB63E6D-ED0A-4177-9C34-01117AA69F58}
		{996F6DFF-DE90-480C-905F-83E9F8E7E51D} = {FDB63E6D-ED0A-4177-9C34-01117AA69F58}
		{46B89B0C-FD14-4AEA-8A14-C0EEFCA0ACB6} = {FDB63E6D-ED0A-4177-9C34-01117AA69F58}
		{FEC985ED-058A-4774-B022-7CC5C1D9ABDB} = {1416A8EF-CAF9-49A9-A1AE-0630A988AB11}
		{B37BD32A-ECBF-421E-AC9C-25FE3FACBAEA} = {1416A8EF-CAF9-49A9-A1AE-0630A988AB11}
		{87BE23AC-22F2-413F-B25B-2EE066F0C7BE} = {FDB63E6D-ED0A-4177-9C34-01117AA69F58}
	EndGlobalSection
	GlobalSection(ExtensibilityGlobals) = postSolution
		SolutionGuid = {39941D7F-3D91-4B43-9D8E-3712D5A03830}
	EndGlobalSection
EndGlobal
