
Microsoft Visual Studio Solution File, Format Version 12.00
# Visual Studio Version 17
VisualStudioVersion = 17.1.32319.34
MinimumVisualStudioVersion = 10.0.40219.1
Project("{2150E333-8FDC-42A3-9474-1A3956D46DE8}") = "Core", "Core", "{1B388FE9-9BDD-448F-8B4B-E5DA07B97E2E}"
EndProject
Project("{2150E333-8FDC-42A3-9474-1A3956D46DE8}") = "CrossCuttingConcerns", "CrossCuttingConcerns", "{E1244BD4-90BB-443F-9F10-497E673E9F8B}"
EndProject
Project("{2150E333-8FDC-42A3-9474-1A3956D46DE8}") = "Infrastructure", "Infrastructure", "{73994F21-FF7E-4244-BCDC-0DF49BF39665}"
EndProject
Project("{2150E333-8FDC-42A3-9474-1A3956D46DE8}") = "Presentations", "Presentations", "{300764FB-D321-4A02-9976-27F20D6BACC2}"
EndProject
Project("{2150E333-8FDC-42A3-9474-1A3956D46DE8}") = "Tests", "Tests", "{492E3D2E-C9D7-4302-A8A0-848744253F3B}"
EndProject
Project("{2150E333-8FDC-42A3-9474-1A3956D46DE8}") = "BackEnds", "BackEnds", "{EFB43BC1-7D4B-43BE-B3D6-292E1C508362}"
EndProject
Project("{2150E333-8FDC-42A3-9474-1A3956D46DE8}") = "UIs", "UIs", "{11E82CDA-1093-4405-99A4-62D12C090530}"
EndProject
Project("{9A19103F-16F7-4668-BE54-9A1E7A4F7556}") = "Bluestone.WebAPI", "Bluestone.WebAPI\Bluestone.WebAPI.csproj", "{29B99A83-861C-450A-95EF-4BEF9B53DB1C}"
EndProject
Project("{9A19103F-16F7-4668-BE54-9A1E7A4F7556}") = "Bluestone.CrossCuttingConcerns", "Bluestone.CrossCuttingConcerns\Bluestone.CrossCuttingConcerns.csproj", "{4E73C65A-66E6-4FED-8AC4-8DD6E5E0D287}"
EndProject
Project("{9A19103F-16F7-4668-BE54-9A1E7A4F7556}") = "Bluestone.Application", "Bluestone.Application\Bluestone.Application.csproj", "{79DAA019-8059-448D-B05D-8A76E9B339CD}"
EndProject
Project("{9A19103F-16F7-4668-BE54-9A1E7A4F7556}") = "Bluestone.Domain", "Bluestone.Domain\Bluestone.Domain.csproj", "{0D603BF8-6E11-439F-A4D9-3611DB31065B}"
EndProject
Project("{9A19103F-16F7-4668-BE54-9A1E7A4F7556}") = "Bluestone.Infrastructure", "Bluestone.Infrastructure\Bluestone.Infrastructure.csproj", "{19FF4D8F-7626-4F28-8D88-4B518C3056F1}"
EndProject
Project("{9A19103F-16F7-4668-BE54-9A1E7A4F7556}") = "Bluestone.Persistence", "Bluestone.Persistence\Bluestone.Persistence.csproj", "{FCA907DE-9023-489D-AFB6-79CEBD60D9C3}"
EndProject
Project("{2150E333-8FDC-42A3-9474-1A3956D46DE8}") = "Mobile Apps", "Mobile Apps", "{A5945C58-C6B9-438A-9431-216A0E578A49}"
EndProject
Project("{2150E333-8FDC-42A3-9474-1A3956D46DE8}") = "Shared Code", "Shared Code", "{45DC25C7-6AF8-4144-9422-CBB9A464A0BA}"
EndProject
Project("{2150E333-8FDC-42A3-9474-1A3956D46DE8}") = "Targets", "Targets", "{BF418BA2-2ED6-4463-9AEC-DE328FF01DF6}"
EndProject
Project("{9A19103F-16F7-4668-BE54-9A1E7A4F7556}") = "Bluestone.Mobile.CrossCuttingConcerns", "Mobile Apps\Bluestone.Mobile.CrossCuttingConcerns\Bluestone.Mobile.CrossCuttingConcerns.csproj", "{36562259-6911-489B-8E8D-1F8BBB86AB9C}"
EndProject
Project("{9A19103F-16F7-4668-BE54-9A1E7A4F7556}") = "Bluestone.Mobile.Domain", "Mobile Apps\Bluestone.Mobile.Domain\Bluestone.Mobile.Domain.csproj", "{FF8EF88E-4C44-42BC-8B65-07DDE8442200}"
EndProject
Project("{9A19103F-16F7-4668-BE54-9A1E7A4F7556}") = "Bluestone.Mobile.Persistence", "Mobile Apps\Bluestone.Mobile.Persistence\Bluestone.Mobile.Persistence.csproj", "{5E030A25-596D-4EFB-8246-1E4DCE16317D}"
EndProject
Project("{9A19103F-16F7-4668-BE54-9A1E7A4F7556}") = "Bluestone.Mobile.Application", "Mobile Apps\Bluestone.Mobile.Application\Bluestone.Mobile.Application.csproj", "{6C749608-360F-4F42-81A1-3FEA4F160B74}"
EndProject
Project("{FAE04EC0-301F-11D3-BF4B-00C04F79EFBC}") = "Bluestone.Mobile.iOS", "Mobile Apps\Bluestone.Mobile.iOS\Bluestone.Mobile.iOS.csproj", "{B37BD32A-ECBF-421E-AC9C-25FE3FACBAEA}"
EndProject
Project("{FAE04EC0-301F-11D3-BF4B-00C04F79EFBC}") = "Bluestone.Mobile.Android", "Mobile Apps\Bluestone.Mobile.Android\Bluestone.Mobile.Android.csproj", "{FEC985ED-058A-4774-B022-7CC5C1D9ABDB}"
EndProject
Project("{9A19103F-16F7-4668-BE54-9A1E7A4F7556}") = "Bluestone.Mobile.Presentation", "Mobile Apps\Bluestone.Mobile.Presentation\Bluestone.Mobile.Presentation.csproj", "{6E5EFE63-A1FF-460A-806F-14FFA51512B2}"
EndProject
Global
	GlobalSection(SolutionConfigurationPlatforms) = preSolution
		Debug|Any CPU = Debug|Any CPU
		Debug|iPhone = Debug|iPhone
		Debug|iPhoneSimulator = Debug|iPhoneSimulator
		Development|Any CPU = Development|Any CPU
		Development|iPhone = Development|iPhone
		Development|iPhoneSimulator = Development|iPhoneSimulator
		Production|Any CPU = Production|Any CPU
		Production|iPhone = Production|iPhone
		Production|iPhoneSimulator = Production|iPhoneSimulator
		Release|Any CPU = Release|Any CPU
		Release|iPhone = Release|iPhone
		Release|iPhoneSimulator = Release|iPhoneSimulator
		Staging|Any CPU = Staging|Any CPU
		Staging|iPhone = Staging|iPhone
		Staging|iPhoneSimulator = Staging|iPhoneSimulator
		Testing|Any CPU = Testing|Any CPU
		Testing|iPhone = Testing|iPhone
		Testing|iPhoneSimulator = Testing|iPhoneSimulator
	EndGlobalSection
	GlobalSection(ProjectConfigurationPlatforms) = postSolution
		{29B99A83-861C-450A-95EF-4BEF9B53DB1C}.Debug|Any CPU.ActiveCfg = Debug|Any CPU
		{29B99A83-861C-450A-95EF-4BEF9B53DB1C}.Debug|Any CPU.Build.0 = Debug|Any CPU
		{29B99A83-861C-450A-95EF-4BEF9B53DB1C}.Debug|iPhone.ActiveCfg = Debug|Any CPU
		{29B99A83-861C-450A-95EF-4BEF9B53DB1C}.Debug|iPhone.Build.0 = Debug|Any CPU
		{29B99A83-861C-450A-95EF-4BEF9B53DB1C}.Debug|iPhoneSimulator.ActiveCfg = Debug|Any CPU
		{29B99A83-861C-450A-95EF-4BEF9B53DB1C}.Debug|iPhoneSimulator.Build.0 = Debug|Any CPU
		{29B99A83-861C-450A-95EF-4BEF9B53DB1C}.Development|Any CPU.ActiveCfg = Debug|Any CPU
		{29B99A83-861C-450A-95EF-4BEF9B53DB1C}.Development|Any CPU.Build.0 = Debug|Any CPU
		{29B99A83-861C-450A-95EF-4BEF9B53DB1C}.Development|iPhone.ActiveCfg = Debug|Any CPU
		{29B99A83-861C-450A-95EF-4BEF9B53DB1C}.Development|iPhone.Build.0 = Debug|Any CPU
		{29B99A83-861C-450A-95EF-4BEF9B53DB1C}.Development|iPhoneSimulator.ActiveCfg = Debug|Any CPU
		{29B99A83-861C-450A-95EF-4BEF9B53DB1C}.Development|iPhoneSimulator.Build.0 = Debug|Any CPU
		{29B99A83-861C-450A-95EF-4BEF9B53DB1C}.Production|Any CPU.ActiveCfg = Release|Any CPU
		{29B99A83-861C-450A-95EF-4BEF9B53DB1C}.Production|Any CPU.Build.0 = Release|Any CPU
		{29B99A83-861C-450A-95EF-4BEF9B53DB1C}.Production|iPhone.ActiveCfg = Release|Any CPU
		{29B99A83-861C-450A-95EF-4BEF9B53DB1C}.Production|iPhone.Build.0 = Release|Any CPU
		{29B99A83-861C-450A-95EF-4BEF9B53DB1C}.Production|iPhoneSimulator.ActiveCfg = Release|Any CPU
		{29B99A83-861C-450A-95EF-4BEF9B53DB1C}.Production|iPhoneSimulator.Build.0 = Release|Any CPU
		{29B99A83-861C-450A-95EF-4BEF9B53DB1C}.Release|Any CPU.ActiveCfg = Release|Any CPU
		{29B99A83-861C-450A-95EF-4BEF9B53DB1C}.Release|Any CPU.Build.0 = Release|Any CPU
		{29B99A83-861C-450A-95EF-4BEF9B53DB1C}.Release|iPhone.ActiveCfg = Release|Any CPU
		{29B99A83-861C-450A-95EF-4BEF9B53DB1C}.Release|iPhone.Build.0 = Release|Any CPU
		{29B99A83-861C-450A-95EF-4BEF9B53DB1C}.Release|iPhoneSimulator.ActiveCfg = Release|Any CPU
		{29B99A83-861C-450A-95EF-4BEF9B53DB1C}.Release|iPhoneSimulator.Build.0 = Release|Any CPU
		{29B99A83-861C-450A-95EF-4BEF9B53DB1C}.Staging|Any CPU.ActiveCfg = Release|Any CPU
		{29B99A83-861C-450A-95EF-4BEF9B53DB1C}.Staging|Any CPU.Build.0 = Release|Any CPU
		{29B99A83-861C-450A-95EF-4BEF9B53DB1C}.Staging|iPhone.ActiveCfg = Release|Any CPU
		{29B99A83-861C-450A-95EF-4BEF9B53DB1C}.Staging|iPhone.Build.0 = Release|Any CPU
		{29B99A83-861C-450A-95EF-4BEF9B53DB1C}.Staging|iPhoneSimulator.ActiveCfg = Release|Any CPU
		{29B99A83-861C-450A-95EF-4BEF9B53DB1C}.Staging|iPhoneSimulator.Build.0 = Release|Any CPU
		{29B99A83-861C-450A-95EF-4BEF9B53DB1C}.Testing|Any CPU.ActiveCfg = Release|Any CPU
		{29B99A83-861C-450A-95EF-4BEF9B53DB1C}.Testing|Any CPU.Build.0 = Release|Any CPU
		{29B99A83-861C-450A-95EF-4BEF9B53DB1C}.Testing|iPhone.ActiveCfg = Release|Any CPU
		{29B99A83-861C-450A-95EF-4BEF9B53DB1C}.Testing|iPhone.Build.0 = Release|Any CPU
		{29B99A83-861C-450A-95EF-4BEF9B53DB1C}.Testing|iPhoneSimulator.ActiveCfg = Release|Any CPU
		{29B99A83-861C-450A-95EF-4BEF9B53DB1C}.Testing|iPhoneSimulator.Build.0 = Release|Any CPU
		{4E73C65A-66E6-4FED-8AC4-8DD6E5E0D287}.Debug|Any CPU.ActiveCfg = Debug|Any CPU
		{4E73C65A-66E6-4FED-8AC4-8DD6E5E0D287}.Debug|Any CPU.Build.0 = Debug|Any CPU
		{4E73C65A-66E6-4FED-8AC4-8DD6E5E0D287}.Debug|iPhone.ActiveCfg = Debug|Any CPU
		{4E73C65A-66E6-4FED-8AC4-8DD6E5E0D287}.Debug|iPhone.Build.0 = Debug|Any CPU
		{4E73C65A-66E6-4FED-8AC4-8DD6E5E0D287}.Debug|iPhoneSimulator.ActiveCfg = Debug|Any CPU
		{4E73C65A-66E6-4FED-8AC4-8DD6E5E0D287}.Debug|iPhoneSimulator.Build.0 = Debug|Any CPU
		{4E73C65A-66E6-4FED-8AC4-8DD6E5E0D287}.Development|Any CPU.ActiveCfg = Debug|Any CPU
		{4E73C65A-66E6-4FED-8AC4-8DD6E5E0D287}.Development|Any CPU.Build.0 = Debug|Any CPU
		{4E73C65A-66E6-4FED-8AC4-8DD6E5E0D287}.Development|iPhone.ActiveCfg = Debug|Any CPU
		{4E73C65A-66E6-4FED-8AC4-8DD6E5E0D287}.Development|iPhone.Build.0 = Debug|Any CPU
		{4E73C65A-66E6-4FED-8AC4-8DD6E5E0D287}.Development|iPhoneSimulator.ActiveCfg = Debug|Any CPU
		{4E73C65A-66E6-4FED-8AC4-8DD6E5E0D287}.Development|iPhoneSimulator.Build.0 = Debug|Any CPU
		{4E73C65A-66E6-4FED-8AC4-8DD6E5E0D287}.Production|Any CPU.ActiveCfg = Release|Any CPU
		{4E73C65A-66E6-4FED-8AC4-8DD6E5E0D287}.Production|Any CPU.Build.0 = Release|Any CPU
		{4E73C65A-66E6-4FED-8AC4-8DD6E5E0D287}.Production|iPhone.ActiveCfg = Release|Any CPU
		{4E73C65A-66E6-4FED-8AC4-8DD6E5E0D287}.Production|iPhone.Build.0 = Release|Any CPU
		{4E73C65A-66E6-4FED-8AC4-8DD6E5E0D287}.Production|iPhoneSimulator.ActiveCfg = Release|Any CPU
		{4E73C65A-66E6-4FED-8AC4-8DD6E5E0D287}.Production|iPhoneSimulator.Build.0 = Release|Any CPU
		{4E73C65A-66E6-4FED-8AC4-8DD6E5E0D287}.Release|Any CPU.ActiveCfg = Release|Any CPU
		{4E73C65A-66E6-4FED-8AC4-8DD6E5E0D287}.Release|Any CPU.Build.0 = Release|Any CPU
		{4E73C65A-66E6-4FED-8AC4-8DD6E5E0D287}.Release|iPhone.ActiveCfg = Release|Any CPU
		{4E73C65A-66E6-4FED-8AC4-8DD6E5E0D287}.Release|iPhone.Build.0 = Release|Any CPU
		{4E73C65A-66E6-4FED-8AC4-8DD6E5E0D287}.Release|iPhoneSimulator.ActiveCfg = Release|Any CPU
		{4E73C65A-66E6-4FED-8AC4-8DD6E5E0D287}.Release|iPhoneSimulator.Build.0 = Release|Any CPU
		{4E73C65A-66E6-4FED-8AC4-8DD6E5E0D287}.Staging|Any CPU.ActiveCfg = Release|Any CPU
		{4E73C65A-66E6-4FED-8AC4-8DD6E5E0D287}.Staging|Any CPU.Build.0 = Release|Any CPU
		{4E73C65A-66E6-4FED-8AC4-8DD6E5E0D287}.Staging|iPhone.ActiveCfg = Release|Any CPU
		{4E73C65A-66E6-4FED-8AC4-8DD6E5E0D287}.Staging|iPhone.Build.0 = Release|Any CPU
		{4E73C65A-66E6-4FED-8AC4-8DD6E5E0D287}.Staging|iPhoneSimulator.ActiveCfg = Release|Any CPU
		{4E73C65A-66E6-4FED-8AC4-8DD6E5E0D287}.Staging|iPhoneSimulator.Build.0 = Release|Any CPU
		{4E73C65A-66E6-4FED-8AC4-8DD6E5E0D287}.Testing|Any CPU.ActiveCfg = Release|Any CPU
		{4E73C65A-66E6-4FED-8AC4-8DD6E5E0D287}.Testing|Any CPU.Build.0 = Release|Any CPU
		{4E73C65A-66E6-4FED-8AC4-8DD6E5E0D287}.Testing|iPhone.ActiveCfg = Release|Any CPU
		{4E73C65A-66E6-4FED-8AC4-8DD6E5E0D287}.Testing|iPhone.Build.0 = Release|Any CPU
		{4E73C65A-66E6-4FED-8AC4-8DD6E5E0D287}.Testing|iPhoneSimulator.ActiveCfg = Release|Any CPU
		{4E73C65A-66E6-4FED-8AC4-8DD6E5E0D287}.Testing|iPhoneSimulator.Build.0 = Release|Any CPU
		{79DAA019-8059-448D-B05D-8A76E9B339CD}.Debug|Any CPU.ActiveCfg = Debug|Any CPU
		{79DAA019-8059-448D-B05D-8A76E9B339CD}.Debug|Any CPU.Build.0 = Debug|Any CPU
		{79DAA019-8059-448D-B05D-8A76E9B339CD}.Debug|iPhone.ActiveCfg = Debug|Any CPU
		{79DAA019-8059-448D-B05D-8A76E9B339CD}.Debug|iPhone.Build.0 = Debug|Any CPU
		{79DAA019-8059-448D-B05D-8A76E9B339CD}.Debug|iPhoneSimulator.ActiveCfg = Debug|Any CPU
		{79DAA019-8059-448D-B05D-8A76E9B339CD}.Debug|iPhoneSimulator.Build.0 = Debug|Any CPU
		{79DAA019-8059-448D-B05D-8A76E9B339CD}.Development|Any CPU.ActiveCfg = Debug|Any CPU
		{79DAA019-8059-448D-B05D-8A76E9B339CD}.Development|Any CPU.Build.0 = Debug|Any CPU
		{79DAA019-8059-448D-B05D-8A76E9B339CD}.Development|iPhone.ActiveCfg = Debug|Any CPU
		{79DAA019-8059-448D-B05D-8A76E9B339CD}.Development|iPhone.Build.0 = Debug|Any CPU
		{79DAA019-8059-448D-B05D-8A76E9B339CD}.Development|iPhoneSimulator.ActiveCfg = Debug|Any CPU
		{79DAA019-8059-448D-B05D-8A76E9B339CD}.Development|iPhoneSimulator.Build.0 = Debug|Any CPU
		{79DAA019-8059-448D-B05D-8A76E9B339CD}.Production|Any CPU.ActiveCfg = Release|Any CPU
		{79DAA019-8059-448D-B05D-8A76E9B339CD}.Production|Any CPU.Build.0 = Release|Any CPU
		{79DAA019-8059-448D-B05D-8A76E9B339CD}.Production|iPhone.ActiveCfg = Release|Any CPU
		{79DAA019-8059-448D-B05D-8A76E9B339CD}.Production|iPhone.Build.0 = Release|Any CPU
		{79DAA019-8059-448D-B05D-8A76E9B339CD}.Production|iPhoneSimulator.ActiveCfg = Release|Any CPU
		{79DAA019-8059-448D-B05D-8A76E9B339CD}.Production|iPhoneSimulator.Build.0 = Release|Any CPU
		{79DAA019-8059-448D-B05D-8A76E9B339CD}.Release|Any CPU.ActiveCfg = Release|Any CPU
		{79DAA019-8059-448D-B05D-8A76E9B339CD}.Release|Any CPU.Build.0 = Release|Any CPU
		{79DAA019-8059-448D-B05D-8A76E9B339CD}.Release|iPhone.ActiveCfg = Release|Any CPU
		{79DAA019-8059-448D-B05D-8A76E9B339CD}.Release|iPhone.Build.0 = Release|Any CPU
		{79DAA019-8059-448D-B05D-8A76E9B339CD}.Release|iPhoneSimulator.ActiveCfg = Release|Any CPU
		{79DAA019-8059-448D-B05D-8A76E9B339CD}.Release|iPhoneSimulator.Build.0 = Release|Any CPU
		{79DAA019-8059-448D-B05D-8A76E9B339CD}.Staging|Any CPU.ActiveCfg = Release|Any CPU
		{79DAA019-8059-448D-B05D-8A76E9B339CD}.Staging|Any CPU.Build.0 = Release|Any CPU
		{79DAA019-8059-448D-B05D-8A76E9B339CD}.Staging|iPhone.ActiveCfg = Release|Any CPU
		{79DAA019-8059-448D-B05D-8A76E9B339CD}.Staging|iPhone.Build.0 = Release|Any CPU
		{79DAA019-8059-448D-B05D-8A76E9B339CD}.Staging|iPhoneSimulator.ActiveCfg = Release|Any CPU
		{79DAA019-8059-448D-B05D-8A76E9B339CD}.Staging|iPhoneSimulator.Build.0 = Release|Any CPU
		{79DAA019-8059-448D-B05D-8A76E9B339CD}.Testing|Any CPU.ActiveCfg = Release|Any CPU
		{79DAA019-8059-448D-B05D-8A76E9B339CD}.Testing|Any CPU.Build.0 = Release|Any CPU
		{79DAA019-8059-448D-B05D-8A76E9B339CD}.Testing|iPhone.ActiveCfg = Release|Any CPU
		{79DAA019-8059-448D-B05D-8A76E9B339CD}.Testing|iPhone.Build.0 = Release|Any CPU
		{79DAA019-8059-448D-B05D-8A76E9B339CD}.Testing|iPhoneSimulator.ActiveCfg = Release|Any CPU
		{79DAA019-8059-448D-B05D-8A76E9B339CD}.Testing|iPhoneSimulator.Build.0 = Release|Any CPU
		{0D603BF8-6E11-439F-A4D9-3611DB31065B}.Debug|Any CPU.ActiveCfg = Debug|Any CPU
		{0D603BF8-6E11-439F-A4D9-3611DB31065B}.Debug|Any CPU.Build.0 = Debug|Any CPU
		{0D603BF8-6E11-439F-A4D9-3611DB31065B}.Debug|iPhone.ActiveCfg = Debug|Any CPU
		{0D603BF8-6E11-439F-A4D9-3611DB31065B}.Debug|iPhone.Build.0 = Debug|Any CPU
		{0D603BF8-6E11-439F-A4D9-3611DB31065B}.Debug|iPhoneSimulator.ActiveCfg = Debug|Any CPU
		{0D603BF8-6E11-439F-A4D9-3611DB31065B}.Debug|iPhoneSimulator.Build.0 = Debug|Any CPU
		{0D603BF8-6E11-439F-A4D9-3611DB31065B}.Development|Any CPU.ActiveCfg = Debug|Any CPU
		{0D603BF8-6E11-439F-A4D9-3611DB31065B}.Development|Any CPU.Build.0 = Debug|Any CPU
		{0D603BF8-6E11-439F-A4D9-3611DB31065B}.Development|iPhone.ActiveCfg = Debug|Any CPU
		{0D603BF8-6E11-439F-A4D9-3611DB31065B}.Development|iPhone.Build.0 = Debug|Any CPU
		{0D603BF8-6E11-439F-A4D9-3611DB31065B}.Development|iPhoneSimulator.ActiveCfg = Debug|Any CPU
		{0D603BF8-6E11-439F-A4D9-3611DB31065B}.Development|iPhoneSimulator.Build.0 = Debug|Any CPU
		{0D603BF8-6E11-439F-A4D9-3611DB31065B}.Production|Any CPU.ActiveCfg = Release|Any CPU
		{0D603BF8-6E11-439F-A4D9-3611DB31065B}.Production|Any CPU.Build.0 = Release|Any CPU
		{0D603BF8-6E11-439F-A4D9-3611DB31065B}.Production|iPhone.ActiveCfg = Release|Any CPU
		{0D603BF8-6E11-439F-A4D9-3611DB31065B}.Production|iPhone.Build.0 = Release|Any CPU
		{0D603BF8-6E11-439F-A4D9-3611DB31065B}.Production|iPhoneSimulator.ActiveCfg = Release|Any CPU
		{0D603BF8-6E11-439F-A4D9-3611DB31065B}.Production|iPhoneSimulator.Build.0 = Release|Any CPU
		{0D603BF8-6E11-439F-A4D9-3611DB31065B}.Release|Any CPU.ActiveCfg = Release|Any CPU
		{0D603BF8-6E11-439F-A4D9-3611DB31065B}.Release|Any CPU.Build.0 = Release|Any CPU
		{0D603BF8-6E11-439F-A4D9-3611DB31065B}.Release|iPhone.ActiveCfg = Release|Any CPU
		{0D603BF8-6E11-439F-A4D9-3611DB31065B}.Release|iPhone.Build.0 = Release|Any CPU
		{0D603BF8-6E11-439F-A4D9-3611DB31065B}.Release|iPhoneSimulator.ActiveCfg = Release|Any CPU
		{0D603BF8-6E11-439F-A4D9-3611DB31065B}.Release|iPhoneSimulator.Build.0 = Release|Any CPU
		{0D603BF8-6E11-439F-A4D9-3611DB31065B}.Staging|Any CPU.ActiveCfg = Release|Any CPU
		{0D603BF8-6E11-439F-A4D9-3611DB31065B}.Staging|Any CPU.Build.0 = Release|Any CPU
		{0D603BF8-6E11-439F-A4D9-3611DB31065B}.Staging|iPhone.ActiveCfg = Release|Any CPU
		{0D603BF8-6E11-439F-A4D9-3611DB31065B}.Staging|iPhone.Build.0 = Release|Any CPU
		{0D603BF8-6E11-439F-A4D9-3611DB31065B}.Staging|iPhoneSimulator.ActiveCfg = Release|Any CPU
		{0D603BF8-6E11-439F-A4D9-3611DB31065B}.Staging|iPhoneSimulator.Build.0 = Release|Any CPU
		{0D603BF8-6E11-439F-A4D9-3611DB31065B}.Testing|Any CPU.ActiveCfg = Release|Any CPU
		{0D603BF8-6E11-439F-A4D9-3611DB31065B}.Testing|Any CPU.Build.0 = Release|Any CPU
		{0D603BF8-6E11-439F-A4D9-3611DB31065B}.Testing|iPhone.ActiveCfg = Release|Any CPU
		{0D603BF8-6E11-439F-A4D9-3611DB31065B}.Testing|iPhone.Build.0 = Release|Any CPU
		{0D603BF8-6E11-439F-A4D9-3611DB31065B}.Testing|iPhoneSimulator.ActiveCfg = Release|Any CPU
		{0D603BF8-6E11-439F-A4D9-3611DB31065B}.Testing|iPhoneSimulator.Build.0 = Release|Any CPU
		{19FF4D8F-7626-4F28-8D88-4B518C3056F1}.Debug|Any CPU.ActiveCfg = Debug|Any CPU
		{19FF4D8F-7626-4F28-8D88-4B518C3056F1}.Debug|Any CPU.Build.0 = Debug|Any CPU
		{19FF4D8F-7626-4F28-8D88-4B518C3056F1}.Debug|iPhone.ActiveCfg = Debug|Any CPU
		{19FF4D8F-7626-4F28-8D88-4B518C3056F1}.Debug|iPhone.Build.0 = Debug|Any CPU
		{19FF4D8F-7626-4F28-8D88-4B518C3056F1}.Debug|iPhoneSimulator.ActiveCfg = Debug|Any CPU
		{19FF4D8F-7626-4F28-8D88-4B518C3056F1}.Debug|iPhoneSimulator.Build.0 = Debug|Any CPU
		{19FF4D8F-7626-4F28-8D88-4B518C3056F1}.Development|Any CPU.ActiveCfg = Debug|Any CPU
		{19FF4D8F-7626-4F28-8D88-4B518C3056F1}.Development|Any CPU.Build.0 = Debug|Any CPU
		{19FF4D8F-7626-4F28-8D88-4B518C3056F1}.Development|iPhone.ActiveCfg = Debug|Any CPU
		{19FF4D8F-7626-4F28-8D88-4B518C3056F1}.Development|iPhone.Build.0 = Debug|Any CPU
		{19FF4D8F-7626-4F28-8D88-4B518C3056F1}.Development|iPhoneSimulator.ActiveCfg = Debug|Any CPU
		{19FF4D8F-7626-4F28-8D88-4B518C3056F1}.Development|iPhoneSimulator.Build.0 = Debug|Any CPU
		{19FF4D8F-7626-4F28-8D88-4B518C3056F1}.Production|Any CPU.ActiveCfg = Release|Any CPU
		{19FF4D8F-7626-4F28-8D88-4B518C3056F1}.Production|Any CPU.Build.0 = Release|Any CPU
		{19FF4D8F-7626-4F28-8D88-4B518C3056F1}.Production|iPhone.ActiveCfg = Release|Any CPU
		{19FF4D8F-7626-4F28-8D88-4B518C3056F1}.Production|iPhone.Build.0 = Release|Any CPU
		{19FF4D8F-7626-4F28-8D88-4B518C3056F1}.Production|iPhoneSimulator.ActiveCfg = Release|Any CPU
		{19FF4D8F-7626-4F28-8D88-4B518C3056F1}.Production|iPhoneSimulator.Build.0 = Release|Any CPU
		{19FF4D8F-7626-4F28-8D88-4B518C3056F1}.Release|Any CPU.ActiveCfg = Release|Any CPU
		{19FF4D8F-7626-4F28-8D88-4B518C3056F1}.Release|Any CPU.Build.0 = Release|Any CPU
		{19FF4D8F-7626-4F28-8D88-4B518C3056F1}.Release|iPhone.ActiveCfg = Release|Any CPU
		{19FF4D8F-7626-4F28-8D88-4B518C3056F1}.Release|iPhone.Build.0 = Release|Any CPU
		{19FF4D8F-7626-4F28-8D88-4B518C3056F1}.Release|iPhoneSimulator.ActiveCfg = Release|Any CPU
		{19FF4D8F-7626-4F28-8D88-4B518C3056F1}.Release|iPhoneSimulator.Build.0 = Release|Any CPU
		{19FF4D8F-7626-4F28-8D88-4B518C3056F1}.Staging|Any CPU.ActiveCfg = Release|Any CPU
		{19FF4D8F-7626-4F28-8D88-4B518C3056F1}.Staging|Any CPU.Build.0 = Release|Any CPU
		{19FF4D8F-7626-4F28-8D88-4B518C3056F1}.Staging|iPhone.ActiveCfg = Release|Any CPU
		{19FF4D8F-7626-4F28-8D88-4B518C3056F1}.Staging|iPhone.Build.0 = Release|Any CPU
		{19FF4D8F-7626-4F28-8D88-4B518C3056F1}.Staging|iPhoneSimulator.ActiveCfg = Release|Any CPU
		{19FF4D8F-7626-4F28-8D88-4B518C3056F1}.Staging|iPhoneSimulator.Build.0 = Release|Any CPU
		{19FF4D8F-7626-4F28-8D88-4B518C3056F1}.Testing|Any CPU.ActiveCfg = Release|Any CPU
		{19FF4D8F-7626-4F28-8D88-4B518C3056F1}.Testing|Any CPU.Build.0 = Release|Any CPU
		{19FF4D8F-7626-4F28-8D88-4B518C3056F1}.Testing|iPhone.ActiveCfg = Release|Any CPU
		{19FF4D8F-7626-4F28-8D88-4B518C3056F1}.Testing|iPhone.Build.0 = Release|Any CPU
		{19FF4D8F-7626-4F28-8D88-4B518C3056F1}.Testing|iPhoneSimulator.ActiveCfg = Release|Any CPU
		{19FF4D8F-7626-4F28-8D88-4B518C3056F1}.Testing|iPhoneSimulator.Build.0 = Release|Any CPU
		{FCA907DE-9023-489D-AFB6-79CEBD60D9C3}.Debug|Any CPU.ActiveCfg = Debug|Any CPU
		{FCA907DE-9023-489D-AFB6-79CEBD60D9C3}.Debug|Any CPU.Build.0 = Debug|Any CPU
		{FCA907DE-9023-489D-AFB6-79CEBD60D9C3}.Debug|iPhone.ActiveCfg = Debug|Any CPU
		{FCA907DE-9023-489D-AFB6-79CEBD60D9C3}.Debug|iPhone.Build.0 = Debug|Any CPU
		{FCA907DE-9023-489D-AFB6-79CEBD60D9C3}.Debug|iPhoneSimulator.ActiveCfg = Debug|Any CPU
		{FCA907DE-9023-489D-AFB6-79CEBD60D9C3}.Debug|iPhoneSimulator.Build.0 = Debug|Any CPU
		{FCA907DE-9023-489D-AFB6-79CEBD60D9C3}.Development|Any CPU.ActiveCfg = Debug|Any CPU
		{FCA907DE-9023-489D-AFB6-79CEBD60D9C3}.Development|Any CPU.Build.0 = Debug|Any CPU
		{FCA907DE-9023-489D-AFB6-79CEBD60D9C3}.Development|iPhone.ActiveCfg = Debug|Any CPU
		{FCA907DE-9023-489D-AFB6-79CEBD60D9C3}.Development|iPhone.Build.0 = Debug|Any CPU
		{FCA907DE-9023-489D-AFB6-79CEBD60D9C3}.Development|iPhoneSimulator.ActiveCfg = Debug|Any CPU
		{FCA907DE-9023-489D-AFB6-79CEBD60D9C3}.Development|iPhoneSimulator.Build.0 = Debug|Any CPU
		{FCA907DE-9023-489D-AFB6-79CEBD60D9C3}.Production|Any CPU.ActiveCfg = Release|Any CPU
		{FCA907DE-9023-489D-AFB6-79CEBD60D9C3}.Production|Any CPU.Build.0 = Release|Any CPU
		{FCA907DE-9023-489D-AFB6-79CEBD60D9C3}.Production|iPhone.ActiveCfg = Release|Any CPU
		{FCA907DE-9023-489D-AFB6-79CEBD60D9C3}.Production|iPhone.Build.0 = Release|Any CPU
		{FCA907DE-9023-489D-AFB6-79CEBD60D9C3}.Production|iPhoneSimulator.ActiveCfg = Release|Any CPU
		{FCA907DE-9023-489D-AFB6-79CEBD60D9C3}.Production|iPhoneSimulator.Build.0 = Release|Any CPU
		{FCA907DE-9023-489D-AFB6-79CEBD60D9C3}.Release|Any CPU.ActiveCfg = Release|Any CPU
		{FCA907DE-9023-489D-AFB6-79CEBD60D9C3}.Release|Any CPU.Build.0 = Release|Any CPU
		{FCA907DE-9023-489D-AFB6-79CEBD60D9C3}.Release|iPhone.ActiveCfg = Release|Any CPU
		{FCA907DE-9023-489D-AFB6-79CEBD60D9C3}.Release|iPhone.Build.0 = Release|Any CPU
		{FCA907DE-9023-489D-AFB6-79CEBD60D9C3}.Release|iPhoneSimulator.ActiveCfg = Release|Any CPU
		{FCA907DE-9023-489D-AFB6-79CEBD60D9C3}.Release|iPhoneSimulator.Build.0 = Release|Any CPU
		{FCA907DE-9023-489D-AFB6-79CEBD60D9C3}.Staging|Any CPU.ActiveCfg = Release|Any CPU
		{FCA907DE-9023-489D-AFB6-79CEBD60D9C3}.Staging|Any CPU.Build.0 = Release|Any CPU
		{FCA907DE-9023-489D-AFB6-79CEBD60D9C3}.Staging|iPhone.ActiveCfg = Release|Any CPU
		{FCA907DE-9023-489D-AFB6-79CEBD60D9C3}.Staging|iPhone.Build.0 = Release|Any CPU
		{FCA907DE-9023-489D-AFB6-79CEBD60D9C3}.Staging|iPhoneSimulator.ActiveCfg = Release|Any CPU
		{FCA907DE-9023-489D-AFB6-79CEBD60D9C3}.Staging|iPhoneSimulator.Build.0 = Release|Any CPU
		{FCA907DE-9023-489D-AFB6-79CEBD60D9C3}.Testing|Any CPU.ActiveCfg = Release|Any CPU
		{FCA907DE-9023-489D-AFB6-79CEBD60D9C3}.Testing|Any CPU.Build.0 = Release|Any CPU
		{FCA907DE-9023-489D-AFB6-79CEBD60D9C3}.Testing|iPhone.ActiveCfg = Release|Any CPU
		{FCA907DE-9023-489D-AFB6-79CEBD60D9C3}.Testing|iPhone.Build.0 = Release|Any CPU
		{FCA907DE-9023-489D-AFB6-79CEBD60D9C3}.Testing|iPhoneSimulator.ActiveCfg = Release|Any CPU
		{FCA907DE-9023-489D-AFB6-79CEBD60D9C3}.Testing|iPhoneSimulator.Build.0 = Release|Any CPU
		{36562259-6911-489B-8E8D-1F8BBB86AB9C}.Debug|Any CPU.ActiveCfg = Debug|Any CPU
		{36562259-6911-489B-8E8D-1F8BBB86AB9C}.Debug|Any CPU.Build.0 = Debug|Any CPU
		{36562259-6911-489B-8E8D-1F8BBB86AB9C}.Debug|iPhone.ActiveCfg = Debug|Any CPU
		{36562259-6911-489B-8E8D-1F8BBB86AB9C}.Debug|iPhone.Build.0 = Debug|Any CPU
		{36562259-6911-489B-8E8D-1F8BBB86AB9C}.Debug|iPhoneSimulator.ActiveCfg = Debug|Any CPU
		{36562259-6911-489B-8E8D-1F8BBB86AB9C}.Debug|iPhoneSimulator.Build.0 = Debug|Any CPU
		{36562259-6911-489B-8E8D-1F8BBB86AB9C}.Development|Any CPU.ActiveCfg = Development|Any CPU
		{36562259-6911-489B-8E8D-1F8BBB86AB9C}.Development|Any CPU.Build.0 = Development|Any CPU
		{36562259-6911-489B-8E8D-1F8BBB86AB9C}.Development|iPhone.ActiveCfg = Development|Any CPU
		{36562259-6911-489B-8E8D-1F8BBB86AB9C}.Development|iPhone.Build.0 = Development|Any CPU
		{36562259-6911-489B-8E8D-1F8BBB86AB9C}.Development|iPhoneSimulator.ActiveCfg = Development|Any CPU
		{36562259-6911-489B-8E8D-1F8BBB86AB9C}.Development|iPhoneSimulator.Build.0 = Development|Any CPU
		{36562259-6911-489B-8E8D-1F8BBB86AB9C}.Production|Any CPU.ActiveCfg = Production|Any CPU
		{36562259-6911-489B-8E8D-1F8BBB86AB9C}.Production|Any CPU.Build.0 = Production|Any CPU
		{36562259-6911-489B-8E8D-1F8BBB86AB9C}.Production|iPhone.ActiveCfg = Production|Any CPU
		{36562259-6911-489B-8E8D-1F8BBB86AB9C}.Production|iPhone.Build.0 = Production|Any CPU
		{36562259-6911-489B-8E8D-1F8BBB86AB9C}.Production|iPhoneSimulator.ActiveCfg = Production|Any CPU
		{36562259-6911-489B-8E8D-1F8BBB86AB9C}.Production|iPhoneSimulator.Build.0 = Production|Any CPU
		{36562259-6911-489B-8E8D-1F8BBB86AB9C}.Release|Any CPU.ActiveCfg = Release|Any CPU
		{36562259-6911-489B-8E8D-1F8BBB86AB9C}.Release|Any CPU.Build.0 = Release|Any CPU
		{36562259-6911-489B-8E8D-1F8BBB86AB9C}.Release|iPhone.ActiveCfg = Release|Any CPU
		{36562259-6911-489B-8E8D-1F8BBB86AB9C}.Release|iPhone.Build.0 = Release|Any CPU
		{36562259-6911-489B-8E8D-1F8BBB86AB9C}.Release|iPhoneSimulator.ActiveCfg = Release|Any CPU
		{36562259-6911-489B-8E8D-1F8BBB86AB9C}.Release|iPhoneSimulator.Build.0 = Release|Any CPU
		{36562259-6911-489B-8E8D-1F8BBB86AB9C}.Staging|Any CPU.ActiveCfg = Debug|Any CPU
		{36562259-6911-489B-8E8D-1F8BBB86AB9C}.Staging|Any CPU.Build.0 = Debug|Any CPU
		{36562259-6911-489B-8E8D-1F8BBB86AB9C}.Staging|iPhone.ActiveCfg = Debug|Any CPU
		{36562259-6911-489B-8E8D-1F8BBB86AB9C}.Staging|iPhone.Build.0 = Debug|Any CPU
		{36562259-6911-489B-8E8D-1F8BBB86AB9C}.Staging|iPhoneSimulator.ActiveCfg = Debug|Any CPU
		{36562259-6911-489B-8E8D-1F8BBB86AB9C}.Staging|iPhoneSimulator.Build.0 = Debug|Any CPU
		{36562259-6911-489B-8E8D-1F8BBB86AB9C}.Testing|Any CPU.ActiveCfg = Testing|Any CPU
		{36562259-6911-489B-8E8D-1F8BBB86AB9C}.Testing|Any CPU.Build.0 = Testing|Any CPU
		{36562259-6911-489B-8E8D-1F8BBB86AB9C}.Testing|iPhone.ActiveCfg = Testing|Any CPU
		{36562259-6911-489B-8E8D-1F8BBB86AB9C}.Testing|iPhone.Build.0 = Testing|Any CPU
		{36562259-6911-489B-8E8D-1F8BBB86AB9C}.Testing|iPhoneSimulator.ActiveCfg = Testing|Any CPU
		{36562259-6911-489B-8E8D-1F8BBB86AB9C}.Testing|iPhoneSimulator.Build.0 = Testing|Any CPU
		{FF8EF88E-4C44-42BC-8B65-07DDE8442200}.Debug|Any CPU.ActiveCfg = Debug|Any CPU
		{FF8EF88E-4C44-42BC-8B65-07DDE8442200}.Debug|Any CPU.Build.0 = Debug|Any CPU
		{FF8EF88E-4C44-42BC-8B65-07DDE8442200}.Debug|iPhone.ActiveCfg = Debug|Any CPU
		{FF8EF88E-4C44-42BC-8B65-07DDE8442200}.Debug|iPhone.Build.0 = Debug|Any CPU
		{FF8EF88E-4C44-42BC-8B65-07DDE8442200}.Debug|iPhoneSimulator.ActiveCfg = Debug|Any CPU
		{FF8EF88E-4C44-42BC-8B65-07DDE8442200}.Debug|iPhoneSimulator.Build.0 = Debug|Any CPU
		{FF8EF88E-4C44-42BC-8B65-07DDE8442200}.Development|Any CPU.ActiveCfg = Development|Any CPU
		{FF8EF88E-4C44-42BC-8B65-07DDE8442200}.Development|Any CPU.Build.0 = Development|Any CPU
		{FF8EF88E-4C44-42BC-8B65-07DDE8442200}.Development|iPhone.ActiveCfg = Development|Any CPU
		{FF8EF88E-4C44-42BC-8B65-07DDE8442200}.Development|iPhone.Build.0 = Development|Any CPU
		{FF8EF88E-4C44-42BC-8B65-07DDE8442200}.Development|iPhoneSimulator.ActiveCfg = Development|Any CPU
		{FF8EF88E-4C44-42BC-8B65-07DDE8442200}.Development|iPhoneSimulator.Build.0 = Development|Any CPU
		{FF8EF88E-4C44-42BC-8B65-07DDE8442200}.Production|Any CPU.ActiveCfg = Production|Any CPU
		{FF8EF88E-4C44-42BC-8B65-07DDE8442200}.Production|Any CPU.Build.0 = Production|Any CPU
		{FF8EF88E-4C44-42BC-8B65-07DDE8442200}.Production|iPhone.ActiveCfg = Production|Any CPU
		{FF8EF88E-4C44-42BC-8B65-07DDE8442200}.Production|iPhone.Build.0 = Production|Any CPU
		{FF8EF88E-4C44-42BC-8B65-07DDE8442200}.Production|iPhoneSimulator.ActiveCfg = Production|Any CPU
		{FF8EF88E-4C44-42BC-8B65-07DDE8442200}.Production|iPhoneSimulator.Build.0 = Production|Any CPU
		{FF8EF88E-4C44-42BC-8B65-07DDE8442200}.Release|Any CPU.ActiveCfg = Release|Any CPU
		{FF8EF88E-4C44-42BC-8B65-07DDE8442200}.Release|Any CPU.Build.0 = Release|Any CPU
		{FF8EF88E-4C44-42BC-8B65-07DDE8442200}.Release|iPhone.ActiveCfg = Release|Any CPU
		{FF8EF88E-4C44-42BC-8B65-07DDE8442200}.Release|iPhone.Build.0 = Release|Any CPU
		{FF8EF88E-4C44-42BC-8B65-07DDE8442200}.Release|iPhoneSimulator.ActiveCfg = Release|Any CPU
		{FF8EF88E-4C44-42BC-8B65-07DDE8442200}.Release|iPhoneSimulator.Build.0 = Release|Any CPU
		{FF8EF88E-4C44-42BC-8B65-07DDE8442200}.Staging|Any CPU.ActiveCfg = Debug|Any CPU
		{FF8EF88E-4C44-42BC-8B65-07DDE8442200}.Staging|Any CPU.Build.0 = Debug|Any CPU
		{FF8EF88E-4C44-42BC-8B65-07DDE8442200}.Staging|iPhone.ActiveCfg = Debug|Any CPU
		{FF8EF88E-4C44-42BC-8B65-07DDE8442200}.Staging|iPhone.Build.0 = Debug|Any CPU
		{FF8EF88E-4C44-42BC-8B65-07DDE8442200}.Staging|iPhoneSimulator.ActiveCfg = Debug|Any CPU
		{FF8EF88E-4C44-42BC-8B65-07DDE8442200}.Staging|iPhoneSimulator.Build.0 = Debug|Any CPU
		{FF8EF88E-4C44-42BC-8B65-07DDE8442200}.Testing|Any CPU.ActiveCfg = Testing|Any CPU
		{FF8EF88E-4C44-42BC-8B65-07DDE8442200}.Testing|Any CPU.Build.0 = Testing|Any CPU
		{FF8EF88E-4C44-42BC-8B65-07DDE8442200}.Testing|iPhone.ActiveCfg = Testing|Any CPU
		{FF8EF88E-4C44-42BC-8B65-07DDE8442200}.Testing|iPhone.Build.0 = Testing|Any CPU
		{FF8EF88E-4C44-42BC-8B65-07DDE8442200}.Testing|iPhoneSimulator.ActiveCfg = Testing|Any CPU
		{FF8EF88E-4C44-42BC-8B65-07DDE8442200}.Testing|iPhoneSimulator.Build.0 = Testing|Any CPU
		{5E030A25-596D-4EFB-8246-1E4DCE16317D}.Debug|Any CPU.ActiveCfg = Debug|Any CPU
		{5E030A25-596D-4EFB-8246-1E4DCE16317D}.Debug|Any CPU.Build.0 = Debug|Any CPU
		{5E030A25-596D-4EFB-8246-1E4DCE16317D}.Debug|iPhone.ActiveCfg = Debug|Any CPU
		{5E030A25-596D-4EFB-8246-1E4DCE16317D}.Debug|iPhone.Build.0 = Debug|Any CPU
		{5E030A25-596D-4EFB-8246-1E4DCE16317D}.Debug|iPhoneSimulator.ActiveCfg = Debug|Any CPU
		{5E030A25-596D-4EFB-8246-1E4DCE16317D}.Debug|iPhoneSimulator.Build.0 = Debug|Any CPU
		{5E030A25-596D-4EFB-8246-1E4DCE16317D}.Development|Any CPU.ActiveCfg = Development|Any CPU
		{5E030A25-596D-4EFB-8246-1E4DCE16317D}.Development|Any CPU.Build.0 = Development|Any CPU
		{5E030A25-596D-4EFB-8246-1E4DCE16317D}.Development|iPhone.ActiveCfg = Development|Any CPU
		{5E030A25-596D-4EFB-8246-1E4DCE16317D}.Development|iPhone.Build.0 = Development|Any CPU
		{5E030A25-596D-4EFB-8246-1E4DCE16317D}.Development|iPhoneSimulator.ActiveCfg = Development|Any CPU
		{5E030A25-596D-4EFB-8246-1E4DCE16317D}.Development|iPhoneSimulator.Build.0 = Development|Any CPU
		{5E030A25-596D-4EFB-8246-1E4DCE16317D}.Production|Any CPU.ActiveCfg = Production|Any CPU
		{5E030A25-596D-4EFB-8246-1E4DCE16317D}.Production|Any CPU.Build.0 = Production|Any CPU
		{5E030A25-596D-4EFB-8246-1E4DCE16317D}.Production|iPhone.ActiveCfg = Production|Any CPU
		{5E030A25-596D-4EFB-8246-1E4DCE16317D}.Production|iPhone.Build.0 = Production|Any CPU
		{5E030A25-596D-4EFB-8246-1E4DCE16317D}.Production|iPhoneSimulator.ActiveCfg = Production|Any CPU
		{5E030A25-596D-4EFB-8246-1E4DCE16317D}.Production|iPhoneSimulator.Build.0 = Production|Any CPU
		{5E030A25-596D-4EFB-8246-1E4DCE16317D}.Release|Any CPU.ActiveCfg = Release|Any CPU
		{5E030A25-596D-4EFB-8246-1E4DCE16317D}.Release|Any CPU.Build.0 = Release|Any CPU
		{5E030A25-596D-4EFB-8246-1E4DCE16317D}.Release|iPhone.ActiveCfg = Release|Any CPU
		{5E030A25-596D-4EFB-8246-1E4DCE16317D}.Release|iPhone.Build.0 = Release|Any CPU
		{5E030A25-596D-4EFB-8246-1E4DCE16317D}.Release|iPhoneSimulator.ActiveCfg = Release|Any CPU
		{5E030A25-596D-4EFB-8246-1E4DCE16317D}.Release|iPhoneSimulator.Build.0 = Release|Any CPU
		{5E030A25-596D-4EFB-8246-1E4DCE16317D}.Staging|Any CPU.ActiveCfg = Debug|Any CPU
		{5E030A25-596D-4EFB-8246-1E4DCE16317D}.Staging|Any CPU.Build.0 = Debug|Any CPU
		{5E030A25-596D-4EFB-8246-1E4DCE16317D}.Staging|iPhone.ActiveCfg = Debug|Any CPU
		{5E030A25-596D-4EFB-8246-1E4DCE16317D}.Staging|iPhone.Build.0 = Debug|Any CPU
		{5E030A25-596D-4EFB-8246-1E4DCE16317D}.Staging|iPhoneSimulator.ActiveCfg = Debug|Any CPU
		{5E030A25-596D-4EFB-8246-1E4DCE16317D}.Staging|iPhoneSimulator.Build.0 = Debug|Any CPU
		{5E030A25-596D-4EFB-8246-1E4DCE16317D}.Testing|Any CPU.ActiveCfg = Testing|Any CPU
		{5E030A25-596D-4EFB-8246-1E4DCE16317D}.Testing|Any CPU.Build.0 = Testing|Any CPU
		{5E030A25-596D-4EFB-8246-1E4DCE16317D}.Testing|iPhone.ActiveCfg = Testing|Any CPU
		{5E030A25-596D-4EFB-8246-1E4DCE16317D}.Testing|iPhone.Build.0 = Testing|Any CPU
		{5E030A25-596D-4EFB-8246-1E4DCE16317D}.Testing|iPhoneSimulator.ActiveCfg = Testing|Any CPU
		{5E030A25-596D-4EFB-8246-1E4DCE16317D}.Testing|iPhoneSimulator.Build.0 = Testing|Any CPU
		{6C749608-360F-4F42-81A1-3FEA4F160B74}.Debug|Any CPU.ActiveCfg = Debug|Any CPU
		{6C749608-360F-4F42-81A1-3FEA4F160B74}.Debug|Any CPU.Build.0 = Debug|Any CPU
		{6C749608-360F-4F42-81A1-3FEA4F160B74}.Debug|iPhone.ActiveCfg = Debug|Any CPU
		{6C749608-360F-4F42-81A1-3FEA4F160B74}.Debug|iPhone.Build.0 = Debug|Any CPU
		{6C749608-360F-4F42-81A1-3FEA4F160B74}.Debug|iPhoneSimulator.ActiveCfg = Debug|Any CPU
		{6C749608-360F-4F42-81A1-3FEA4F160B74}.Debug|iPhoneSimulator.Build.0 = Debug|Any CPU
		{6C749608-360F-4F42-81A1-3FEA4F160B74}.Development|Any CPU.ActiveCfg = Development|Any CPU
		{6C749608-360F-4F42-81A1-3FEA4F160B74}.Development|Any CPU.Build.0 = Development|Any CPU
		{6C749608-360F-4F42-81A1-3FEA4F160B74}.Development|iPhone.ActiveCfg = Development|Any CPU
		{6C749608-360F-4F42-81A1-3FEA4F160B74}.Development|iPhone.Build.0 = Development|Any CPU
		{6C749608-360F-4F42-81A1-3FEA4F160B74}.Development|iPhoneSimulator.ActiveCfg = Development|Any CPU
		{6C749608-360F-4F42-81A1-3FEA4F160B74}.Development|iPhoneSimulator.Build.0 = Development|Any CPU
		{6C749608-360F-4F42-81A1-3FEA4F160B74}.Production|Any CPU.ActiveCfg = Production|Any CPU
		{6C749608-360F-4F42-81A1-3FEA4F160B74}.Production|Any CPU.Build.0 = Production|Any CPU
		{6C749608-360F-4F42-81A1-3FEA4F160B74}.Production|iPhone.ActiveCfg = Production|Any CPU
		{6C749608-360F-4F42-81A1-3FEA4F160B74}.Production|iPhone.Build.0 = Production|Any CPU
		{6C749608-360F-4F42-81A1-3FEA4F160B74}.Production|iPhoneSimulator.ActiveCfg = Production|Any CPU
		{6C749608-360F-4F42-81A1-3FEA4F160B74}.Production|iPhoneSimulator.Build.0 = Production|Any CPU
		{6C749608-360F-4F42-81A1-3FEA4F160B74}.Release|Any CPU.ActiveCfg = Release|Any CPU
		{6C749608-360F-4F42-81A1-3FEA4F160B74}.Release|Any CPU.Build.0 = Release|Any CPU
		{6C749608-360F-4F42-81A1-3FEA4F160B74}.Release|iPhone.ActiveCfg = Release|Any CPU
		{6C749608-360F-4F42-81A1-3FEA4F160B74}.Release|iPhone.Build.0 = Release|Any CPU
		{6C749608-360F-4F42-81A1-3FEA4F160B74}.Release|iPhoneSimulator.ActiveCfg = Release|Any CPU
		{6C749608-360F-4F42-81A1-3FEA4F160B74}.Release|iPhoneSimulator.Build.0 = Release|Any CPU
		{6C749608-360F-4F42-81A1-3FEA4F160B74}.Staging|Any CPU.ActiveCfg = Debug|Any CPU
		{6C749608-360F-4F42-81A1-3FEA4F160B74}.Staging|Any CPU.Build.0 = Debug|Any CPU
		{6C749608-360F-4F42-81A1-3FEA4F160B74}.Staging|iPhone.ActiveCfg = Debug|Any CPU
		{6C749608-360F-4F42-81A1-3FEA4F160B74}.Staging|iPhone.Build.0 = Debug|Any CPU
		{6C749608-360F-4F42-81A1-3FEA4F160B74}.Staging|iPhoneSimulator.ActiveCfg = Debug|Any CPU
		{6C749608-360F-4F42-81A1-3FEA4F160B74}.Staging|iPhoneSimulator.Build.0 = Debug|Any CPU
		{6C749608-360F-4F42-81A1-3FEA4F160B74}.Testing|Any CPU.ActiveCfg = Testing|Any CPU
		{6C749608-360F-4F42-81A1-3FEA4F160B74}.Testing|Any CPU.Build.0 = Testing|Any CPU
		{6C749608-360F-4F42-81A1-3FEA4F160B74}.Testing|iPhone.ActiveCfg = Testing|Any CPU
		{6C749608-360F-4F42-81A1-3FEA4F160B74}.Testing|iPhone.Build.0 = Testing|Any CPU
		{6C749608-360F-4F42-81A1-3FEA4F160B74}.Testing|iPhoneSimulator.ActiveCfg = Testing|Any CPU
		{6C749608-360F-4F42-81A1-3FEA4F160B74}.Testing|iPhoneSimulator.Build.0 = Testing|Any CPU
		{B37BD32A-ECBF-421E-AC9C-25FE3FACBAEA}.Debug|Any CPU.ActiveCfg = Debug|iPhoneSimulator
		{B37BD32A-ECBF-421E-AC9C-25FE3FACBAEA}.Debug|Any CPU.Build.0 = Debug|iPhoneSimulator
		{B37BD32A-ECBF-421E-AC9C-25FE3FACBAEA}.Debug|iPhone.ActiveCfg = Debug|iPhone
		{B37BD32A-ECBF-421E-AC9C-25FE3FACBAEA}.Debug|iPhone.Build.0 = Debug|iPhone
		{B37BD32A-ECBF-421E-AC9C-25FE3FACBAEA}.Debug|iPhoneSimulator.ActiveCfg = Debug|iPhoneSimulator
		{B37BD32A-ECBF-421E-AC9C-25FE3FACBAEA}.Debug|iPhoneSimulator.Build.0 = Debug|iPhoneSimulator
		{B37BD32A-ECBF-421E-AC9C-25FE3FACBAEA}.Development|Any CPU.ActiveCfg = Development|iPhoneSimulator
		{B37BD32A-ECBF-421E-AC9C-25FE3FACBAEA}.Development|Any CPU.Build.0 = Development|iPhoneSimulator
		{B37BD32A-ECBF-421E-AC9C-25FE3FACBAEA}.Development|iPhone.ActiveCfg = Development|iPhone
		{B37BD32A-ECBF-421E-AC9C-25FE3FACBAEA}.Development|iPhone.Build.0 = Development|iPhone
		{B37BD32A-ECBF-421E-AC9C-25FE3FACBAEA}.Development|iPhoneSimulator.ActiveCfg = Development|iPhoneSimulator
		{B37BD32A-ECBF-421E-AC9C-25FE3FACBAEA}.Development|iPhoneSimulator.Build.0 = Development|iPhoneSimulator
		{B37BD32A-ECBF-421E-AC9C-25FE3FACBAEA}.Production|Any CPU.ActiveCfg = Production|iPhoneSimulator
		{B37BD32A-ECBF-421E-AC9C-25FE3FACBAEA}.Production|Any CPU.Build.0 = Production|iPhoneSimulator
		{B37BD32A-ECBF-421E-AC9C-25FE3FACBAEA}.Production|iPhone.ActiveCfg = Production|iPhone
		{B37BD32A-ECBF-421E-AC9C-25FE3FACBAEA}.Production|iPhone.Build.0 = Production|iPhone
		{B37BD32A-ECBF-421E-AC9C-25FE3FACBAEA}.Production|iPhoneSimulator.ActiveCfg = Production|iPhoneSimulator
		{B37BD32A-ECBF-421E-AC9C-25FE3FACBAEA}.Production|iPhoneSimulator.Build.0 = Production|iPhoneSimulator
		{B37BD32A-ECBF-421E-AC9C-25FE3FACBAEA}.Release|Any CPU.ActiveCfg = Release|iPhoneSimulator
		{B37BD32A-ECBF-421E-AC9C-25FE3FACBAEA}.Release|Any CPU.Build.0 = Release|iPhoneSimulator
		{B37BD32A-ECBF-421E-AC9C-25FE3FACBAEA}.Release|iPhone.ActiveCfg = Release|iPhone
		{B37BD32A-ECBF-421E-AC9C-25FE3FACBAEA}.Release|iPhone.Build.0 = Release|iPhone
		{B37BD32A-ECBF-421E-AC9C-25FE3FACBAEA}.Release|iPhoneSimulator.ActiveCfg = Release|iPhoneSimulator
		{B37BD32A-ECBF-421E-AC9C-25FE3FACBAEA}.Release|iPhoneSimulator.Build.0 = Release|iPhoneSimulator
		{B37BD32A-ECBF-421E-AC9C-25FE3FACBAEA}.Staging|Any CPU.ActiveCfg = Staging|iPhoneSimulator
		{B37BD32A-ECBF-421E-AC9C-25FE3FACBAEA}.Staging|Any CPU.Build.0 = Staging|iPhoneSimulator
		{B37BD32A-ECBF-421E-AC9C-25FE3FACBAEA}.Staging|iPhone.ActiveCfg = Staging|iPhone
		{B37BD32A-ECBF-421E-AC9C-25FE3FACBAEA}.Staging|iPhone.Build.0 = Staging|iPhone
		{B37BD32A-ECBF-421E-AC9C-25FE3FACBAEA}.Staging|iPhoneSimulator.ActiveCfg = Staging|iPhoneSimulator
		{B37BD32A-ECBF-421E-AC9C-25FE3FACBAEA}.Staging|iPhoneSimulator.Build.0 = Staging|iPhoneSimulator
		{B37BD32A-ECBF-421E-AC9C-25FE3FACBAEA}.Testing|Any CPU.ActiveCfg = Testing|iPhoneSimulator
		{B37BD32A-ECBF-421E-AC9C-25FE3FACBAEA}.Testing|Any CPU.Build.0 = Testing|iPhoneSimulator
		{B37BD32A-ECBF-421E-AC9C-25FE3FACBAEA}.Testing|iPhone.ActiveCfg = Testing|iPhone
		{B37BD32A-ECBF-421E-AC9C-25FE3FACBAEA}.Testing|iPhone.Build.0 = Testing|iPhone
		{B37BD32A-ECBF-421E-AC9C-25FE3FACBAEA}.Testing|iPhoneSimulator.ActiveCfg = Testing|iPhoneSimulator
		{B37BD32A-ECBF-421E-AC9C-25FE3FACBAEA}.Testing|iPhoneSimulator.Build.0 = Testing|iPhoneSimulator
		{FEC985ED-058A-4774-B022-7CC5C1D9ABDB}.Debug|Any CPU.ActiveCfg = Debug|Any CPU
		{FEC985ED-058A-4774-B022-7CC5C1D9ABDB}.Debug|Any CPU.Build.0 = Debug|Any CPU
		{FEC985ED-058A-4774-B022-7CC5C1D9ABDB}.Debug|Any CPU.Deploy.0 = Debug|Any CPU
		{FEC985ED-058A-4774-B022-7CC5C1D9ABDB}.Debug|iPhone.ActiveCfg = Debug|Any CPU
		{FEC985ED-058A-4774-B022-7CC5C1D9ABDB}.Debug|iPhone.Build.0 = Debug|Any CPU
		{FEC985ED-058A-4774-B022-7CC5C1D9ABDB}.Debug|iPhone.Deploy.0 = Debug|Any CPU
		{FEC985ED-058A-4774-B022-7CC5C1D9ABDB}.Debug|iPhoneSimulator.ActiveCfg = Debug|Any CPU
		{FEC985ED-058A-4774-B022-7CC5C1D9ABDB}.Debug|iPhoneSimulator.Build.0 = Debug|Any CPU
		{FEC985ED-058A-4774-B022-7CC5C1D9ABDB}.Debug|iPhoneSimulator.Deploy.0 = Debug|Any CPU
		{FEC985ED-058A-4774-B022-7CC5C1D9ABDB}.Development|Any CPU.ActiveCfg = Development|Any CPU
		{FEC985ED-058A-4774-B022-7CC5C1D9ABDB}.Development|Any CPU.Build.0 = Development|Any CPU
		{FEC985ED-058A-4774-B022-7CC5C1D9ABDB}.Development|Any CPU.Deploy.0 = Development|Any CPU
		{FEC985ED-058A-4774-B022-7CC5C1D9ABDB}.Development|iPhone.ActiveCfg = Development|Any CPU
		{FEC985ED-058A-4774-B022-7CC5C1D9ABDB}.Development|iPhone.Build.0 = Development|Any CPU
		{FEC985ED-058A-4774-B022-7CC5C1D9ABDB}.Development|iPhone.Deploy.0 = Development|Any CPU
		{FEC985ED-058A-4774-B022-7CC5C1D9ABDB}.Development|iPhoneSimulator.ActiveCfg = Development|Any CPU
		{FEC985ED-058A-4774-B022-7CC5C1D9ABDB}.Development|iPhoneSimulator.Build.0 = Development|Any CPU
		{FEC985ED-058A-4774-B022-7CC5C1D9ABDB}.Development|iPhoneSimulator.Deploy.0 = Development|Any CPU
		{FEC985ED-058A-4774-B022-7CC5C1D9ABDB}.Production|Any CPU.ActiveCfg = Production|Any CPU
		{FEC985ED-058A-4774-B022-7CC5C1D9ABDB}.Production|Any CPU.Build.0 = Production|Any CPU
		{FEC985ED-058A-4774-B022-7CC5C1D9ABDB}.Production|Any CPU.Deploy.0 = Production|Any CPU
		{FEC985ED-058A-4774-B022-7CC5C1D9ABDB}.Production|iPhone.ActiveCfg = Production|Any CPU
		{FEC985ED-058A-4774-B022-7CC5C1D9ABDB}.Production|iPhone.Build.0 = Production|Any CPU
		{FEC985ED-058A-4774-B022-7CC5C1D9ABDB}.Production|iPhone.Deploy.0 = Production|Any CPU
		{FEC985ED-058A-4774-B022-7CC5C1D9ABDB}.Production|iPhoneSimulator.ActiveCfg = Production|Any CPU
		{FEC985ED-058A-4774-B022-7CC5C1D9ABDB}.Production|iPhoneSimulator.Build.0 = Production|Any CPU
		{FEC985ED-058A-4774-B022-7CC5C1D9ABDB}.Production|iPhoneSimulator.Deploy.0 = Production|Any CPU
		{FEC985ED-058A-4774-B022-7CC5C1D9ABDB}.Release|Any CPU.ActiveCfg = Release|Any CPU
		{FEC985ED-058A-4774-B022-7CC5C1D9ABDB}.Release|Any CPU.Build.0 = Release|Any CPU
		{FEC985ED-058A-4774-B022-7CC5C1D9ABDB}.Release|Any CPU.Deploy.0 = Release|Any CPU
		{FEC985ED-058A-4774-B022-7CC5C1D9ABDB}.Release|iPhone.ActiveCfg = Release|Any CPU
		{FEC985ED-058A-4774-B022-7CC5C1D9ABDB}.Release|iPhone.Build.0 = Release|Any CPU
		{FEC985ED-058A-4774-B022-7CC5C1D9ABDB}.Release|iPhone.Deploy.0 = Release|Any CPU
		{FEC985ED-058A-4774-B022-7CC5C1D9ABDB}.Release|iPhoneSimulator.ActiveCfg = Release|Any CPU
		{FEC985ED-058A-4774-B022-7CC5C1D9ABDB}.Release|iPhoneSimulator.Build.0 = Release|Any CPU
		{FEC985ED-058A-4774-B022-7CC5C1D9ABDB}.Release|iPhoneSimulator.Deploy.0 = Release|Any CPU
		{FEC985ED-058A-4774-B022-7CC5C1D9ABDB}.Staging|Any CPU.ActiveCfg = Staging|Any CPU
		{FEC985ED-058A-4774-B022-7CC5C1D9ABDB}.Staging|Any CPU.Build.0 = Staging|Any CPU
		{FEC985ED-058A-4774-B022-7CC5C1D9ABDB}.Staging|Any CPU.Deploy.0 = Staging|Any CPU
		{FEC985ED-058A-4774-B022-7CC5C1D9ABDB}.Staging|iPhone.ActiveCfg = Staging|Any CPU
		{FEC985ED-058A-4774-B022-7CC5C1D9ABDB}.Staging|iPhone.Build.0 = Staging|Any CPU
		{FEC985ED-058A-4774-B022-7CC5C1D9ABDB}.Staging|iPhone.Deploy.0 = Staging|Any CPU
		{FEC985ED-058A-4774-B022-7CC5C1D9ABDB}.Staging|iPhoneSimulator.ActiveCfg = Staging|Any CPU
		{FEC985ED-058A-4774-B022-7CC5C1D9ABDB}.Staging|iPhoneSimulator.Build.0 = Staging|Any CPU
		{FEC985ED-058A-4774-B022-7CC5C1D9ABDB}.Staging|iPhoneSimulator.Deploy.0 = Staging|Any CPU
		{FEC985ED-058A-4774-B022-7CC5C1D9ABDB}.Testing|Any CPU.ActiveCfg = Testing|Any CPU
		{FEC985ED-058A-4774-B022-7CC5C1D9ABDB}.Testing|Any CPU.Build.0 = Testing|Any CPU
		{FEC985ED-058A-4774-B022-7CC5C1D9ABDB}.Testing|Any CPU.Deploy.0 = Testing|Any CPU
		{FEC985ED-058A-4774-B022-7CC5C1D9ABDB}.Testing|iPhone.ActiveCfg = Testing|Any CPU
		{FEC985ED-058A-4774-B022-7CC5C1D9ABDB}.Testing|iPhone.Build.0 = Testing|Any CPU
		{FEC985ED-058A-4774-B022-7CC5C1D9ABDB}.Testing|iPhone.Deploy.0 = Testing|Any CPU
		{FEC985ED-058A-4774-B022-7CC5C1D9ABDB}.Testing|iPhoneSimulator.ActiveCfg = Testing|Any CPU
		{FEC985ED-058A-4774-B022-7CC5C1D9ABDB}.Testing|iPhoneSimulator.Build.0 = Testing|Any CPU
		{FEC985ED-058A-4774-B022-7CC5C1D9ABDB}.Testing|iPhoneSimulator.Deploy.0 = Testing|Any CPU
		{6E5EFE63-A1FF-460A-806F-14FFA51512B2}.Debug|Any CPU.ActiveCfg = Debug|Any CPU
		{6E5EFE63-A1FF-460A-806F-14FFA51512B2}.Debug|Any CPU.Build.0 = Debug|Any CPU
		{6E5EFE63-A1FF-460A-806F-14FFA51512B2}.Debug|iPhone.ActiveCfg = Debug|Any CPU
		{6E5EFE63-A1FF-460A-806F-14FFA51512B2}.Debug|iPhone.Build.0 = Debug|Any CPU
		{6E5EFE63-A1FF-460A-806F-14FFA51512B2}.Debug|iPhoneSimulator.ActiveCfg = Debug|Any CPU
		{6E5EFE63-A1FF-460A-806F-14FFA51512B2}.Debug|iPhoneSimulator.Build.0 = Debug|Any CPU
		{6E5EFE63-A1FF-460A-806F-14FFA51512B2}.Development|Any CPU.ActiveCfg = Development|Any CPU
		{6E5EFE63-A1FF-460A-806F-14FFA51512B2}.Development|Any CPU.Build.0 = Development|Any CPU
		{6E5EFE63-A1FF-460A-806F-14FFA51512B2}.Development|iPhone.ActiveCfg = Development|Any CPU
		{6E5EFE63-A1FF-460A-806F-14FFA51512B2}.Development|iPhone.Build.0 = Development|Any CPU
		{6E5EFE63-A1FF-460A-806F-14FFA51512B2}.Development|iPhoneSimulator.ActiveCfg = Development|Any CPU
		{6E5EFE63-A1FF-460A-806F-14FFA51512B2}.Development|iPhoneSimulator.Build.0 = Development|Any CPU
		{6E5EFE63-A1FF-460A-806F-14FFA51512B2}.Production|Any CPU.ActiveCfg = Production|Any CPU
		{6E5EFE63-A1FF-460A-806F-14FFA51512B2}.Production|Any CPU.Build.0 = Production|Any CPU
		{6E5EFE63-A1FF-460A-806F-14FFA51512B2}.Production|iPhone.ActiveCfg = Production|Any CPU
		{6E5EFE63-A1FF-460A-806F-14FFA51512B2}.Production|iPhone.Build.0 = Production|Any CPU
		{6E5EFE63-A1FF-460A-806F-14FFA51512B2}.Production|iPhoneSimulator.ActiveCfg = Production|Any CPU
		{6E5EFE63-A1FF-460A-806F-14FFA51512B2}.Production|iPhoneSimulator.Build.0 = Production|Any CPU
		{6E5EFE63-A1FF-460A-806F-14FFA51512B2}.Release|Any CPU.ActiveCfg = Release|Any CPU
		{6E5EFE63-A1FF-460A-806F-14FFA51512B2}.Release|Any CPU.Build.0 = Release|Any CPU
		{6E5EFE63-A1FF-460A-806F-14FFA51512B2}.Release|iPhone.ActiveCfg = Release|Any CPU
		{6E5EFE63-A1FF-460A-806F-14FFA51512B2}.Release|iPhone.Build.0 = Release|Any CPU
		{6E5EFE63-A1FF-460A-806F-14FFA51512B2}.Release|iPhoneSimulator.ActiveCfg = Release|Any CPU
		{6E5EFE63-A1FF-460A-806F-14FFA51512B2}.Release|iPhoneSimulator.Build.0 = Release|Any CPU
		{6E5EFE63-A1FF-460A-806F-14FFA51512B2}.Staging|Any CPU.ActiveCfg = Staging|Any CPU
		{6E5EFE63-A1FF-460A-806F-14FFA51512B2}.Staging|Any CPU.Build.0 = Staging|Any CPU
		{6E5EFE63-A1FF-460A-806F-14FFA51512B2}.Staging|iPhone.ActiveCfg = Staging|Any CPU
		{6E5EFE63-A1FF-460A-806F-14FFA51512B2}.Staging|iPhone.Build.0 = Staging|Any CPU
		{6E5EFE63-A1FF-460A-806F-14FFA51512B2}.Staging|iPhoneSimulator.ActiveCfg = Staging|Any CPU
		{6E5EFE63-A1FF-460A-806F-14FFA51512B2}.Staging|iPhoneSimulator.Build.0 = Staging|Any CPU
		{6E5EFE63-A1FF-460A-806F-14FFA51512B2}.Testing|Any CPU.ActiveCfg = Testing|Any CPU
		{6E5EFE63-A1FF-460A-806F-14FFA51512B2}.Testing|Any CPU.Build.0 = Testing|Any CPU
		{6E5EFE63-A1FF-460A-806F-14FFA51512B2}.Testing|iPhone.ActiveCfg = Testing|Any CPU
		{6E5EFE63-A1FF-460A-806F-14FFA51512B2}.Testing|iPhone.Build.0 = Testing|Any CPU
		{6E5EFE63-A1FF-460A-806F-14FFA51512B2}.Testing|iPhoneSimulator.ActiveCfg = Testing|Any CPU
		{6E5EFE63-A1FF-460A-806F-14FFA51512B2}.Testing|iPhoneSimulator.Build.0 = Testing|Any CPU
	EndGlobalSection
	GlobalSection(SolutionProperties) = preSolution
		HideSolutionNode = FALSE
	EndGlobalSection
	GlobalSection(NestedProjects) = preSolution
		{EFB43BC1-7D4B-43BE-B3D6-292E1C508362} = {300764FB-D321-4A02-9976-27F20D6BACC2}
		{11E82CDA-1093-4405-99A4-62D12C090530} = {300764FB-D321-4A02-9976-27F20D6BACC2}
		{29B99A83-861C-450A-95EF-4BEF9B53DB1C} = {EFB43BC1-7D4B-43BE-B3D6-292E1C508362}
		{4E73C65A-66E6-4FED-8AC4-8DD6E5E0D287} = {E1244BD4-90BB-443F-9F10-497E673E9F8B}
		{79DAA019-8059-448D-B05D-8A76E9B339CD} = {1B388FE9-9BDD-448F-8B4B-E5DA07B97E2E}
		{0D603BF8-6E11-439F-A4D9-3611DB31065B} = {1B388FE9-9BDD-448F-8B4B-E5DA07B97E2E}
		{19FF4D8F-7626-4F28-8D88-4B518C3056F1} = {73994F21-FF7E-4244-BCDC-0DF49BF39665}
		{FCA907DE-9023-489D-AFB6-79CEBD60D9C3} = {73994F21-FF7E-4244-BCDC-0DF49BF39665}
		{A5945C58-C6B9-438A-9431-216A0E578A49} = {300764FB-D321-4A02-9976-27F20D6BACC2}
		{45DC25C7-6AF8-4144-9422-CBB9A464A0BA} = {A5945C58-C6B9-438A-9431-216A0E578A49}
		{BF418BA2-2ED6-4463-9AEC-DE328FF01DF6} = {A5945C58-C6B9-438A-9431-216A0E578A49}
		{36562259-6911-489B-8E8D-1F8BBB86AB9C} = {45DC25C7-6AF8-4144-9422-CBB9A464A0BA}
		{FF8EF88E-4C44-42BC-8B65-07DDE8442200} = {45DC25C7-6AF8-4144-9422-CBB9A464A0BA}
		{5E030A25-596D-4EFB-8246-1E4DCE16317D} = {45DC25C7-6AF8-4144-9422-CBB9A464A0BA}
		{6C749608-360F-4F42-81A1-3FEA4F160B74} = {45DC25C7-6AF8-4144-9422-CBB9A464A0BA}
		{B37BD32A-ECBF-421E-AC9C-25FE3FACBAEA} = {BF418BA2-2ED6-4463-9AEC-DE328FF01DF6}
		{FEC985ED-058A-4774-B022-7CC5C1D9ABDB} = {BF418BA2-2ED6-4463-9AEC-DE328FF01DF6}
		{6E5EFE63-A1FF-460A-806F-14FFA51512B2} = {45DC25C7-6AF8-4144-9422-CBB9A464A0BA}
	EndGlobalSection
	GlobalSection(ExtensibilityGlobals) = postSolution
		SolutionGuid = {26327840-4397-465F-8C2B-53AD08C12018}
	EndGlobalSection
EndGlobal
